// !$*UTF8*$!
{
	archiveVersion = 1;
	classes = {
	};
	objectVersion = 46;
	objects = {

/* Begin PBXBuildFile section */
		4C2839D1A7F58AC4717A6B33 /* libPods-BootstrapperTests.a in Frameworks */ = {isa = PBXBuildFile; fileRef = 1BADD5BAB5136B586A8D97AE /* libPods-BootstrapperTests.a */; };
		CBF52252CCBF2C157EA875B1 /* libPods-AppleGuiceUnitTests.a in Frameworks */ = {isa = PBXBuildFile; fileRef = 392C9521977347E6A8A05659 /* libPods-AppleGuiceUnitTests.a */; };
		F11242441FD833A800A276F8 /* XCTest.framework in Frameworks */ = {isa = PBXBuildFile; fileRef = F133DA6318D0BCE40050864F /* XCTest.framework */; };
		F11242551FD8346E00A276F8 /* BootstrapperTests.m in Sources */ = {isa = PBXBuildFile; fileRef = F1CF54F41FD81093004DF674 /* BootstrapperTests.m */; };
		F133DA6418D0BCE40050864F /* XCTest.framework in Frameworks */ = {isa = PBXBuildFile; fileRef = F133DA6318D0BCE40050864F /* XCTest.framework */; };
		F133DA6518D0BCE40050864F /* Foundation.framework in Frameworks */ = {isa = PBXBuildFile; fileRef = F18E722516F9135C000BD3CB /* Foundation.framework */; };
		F133DA6D18D0BCE40050864F /* InfoPlist.strings in Resources */ = {isa = PBXBuildFile; fileRef = F133DA6B18D0BCE40050864F /* InfoPlist.strings */; };
		F133DA7618D0BCEC0050864F /* libAppleGuice.a in Frameworks */ = {isa = PBXBuildFile; fileRef = F18E722216F9135C000BD3CB /* libAppleGuice.a */; };
		F133DA7A18D0BD570050864F /* AppleGuiceBindingBootstrapper.m in Sources */ = {isa = PBXBuildFile; fileRef = F133DA7918D0BD570050864F /* AppleGuiceBindingBootstrapper.m */; };
		F133DA8218D0BE130050864F /* TestBase.m in Sources */ = {isa = PBXBuildFile; fileRef = F133DA8118D0BE130050864F /* TestBase.m */; };
		F133DA8F18D0BE2A0050864F /* AppleGuiceAutoInjectorTests.m in Sources */ = {isa = PBXBuildFile; fileRef = F133DA8418D0BE2A0050864F /* AppleGuiceAutoInjectorTests.m */; };
		F133DA9018D0BE2A0050864F /* AppleGuiceBindingServiceTests.m in Sources */ = {isa = PBXBuildFile; fileRef = F133DA8618D0BE2A0050864F /* AppleGuiceBindingServiceTests.m */; };
		F133DA9118D0BE2A0050864F /* AppleGuiceInjectorTests.m in Sources */ = {isa = PBXBuildFile; fileRef = F133DA8818D0BE2A0050864F /* AppleGuiceInjectorTests.m */; };
		F133DA9218D0BE2A0050864F /* AppleGuiceInstanceCreatorTests.m in Sources */ = {isa = PBXBuildFile; fileRef = F133DA8A18D0BE2A0050864F /* AppleGuiceInstanceCreatorTests.m */; };
		F133DA9418D0BE2A0050864F /* AppleGuiceSanity.m in Sources */ = {isa = PBXBuildFile; fileRef = F133DA8E18D0BE2A0050864F /* AppleGuiceSanity.m */; };
		F14FF19318EC05E800222D4F /* AppleGuiceProtocolToClassMapper.mm in Sources */ = {isa = PBXBuildFile; fileRef = F14FF19118EC05E800222D4F /* AppleGuiceProtocolToClassMapper.mm */; };
		F14FF19718EC2F1C00222D4F /* AppleGuiceBindingService.m in Sources */ = {isa = PBXBuildFile; fileRef = F14FF19518EC2F1C00222D4F /* AppleGuiceBindingService.m */; };
		F14FF19C18EC2F7400222D4F /* AppleGuiceClassGenerator.m in Sources */ = {isa = PBXBuildFile; fileRef = F14FF19918EC2F7400222D4F /* AppleGuiceClassGenerator.m */; };
		F150E875170C57B900938549 /* AppleGuice.h in Headers */ = {isa = PBXBuildFile; fileRef = F172DD1416F9141300BA754E /* AppleGuice.h */; settings = {ATTRIBUTES = (Public, ); }; };
		F162136516F9D95C00563E38 /* NSObject+AppleGuice.m in Sources */ = {isa = PBXBuildFile; fileRef = F162136416F9D95C00563E38 /* NSObject+AppleGuice.m */; };
		F16B27FB1D05D2CE0054DC44 /* AppleGuiceInstanceCreator.m in Sources */ = {isa = PBXBuildFile; fileRef = F16B27F31D05D2CE0054DC44 /* AppleGuiceInstanceCreator.m */; };
		F16B27FE1D05D2CE0054DC44 /* AppleGuiceInvocationProxy.m in Sources */ = {isa = PBXBuildFile; fileRef = F16B27F61D05D2CE0054DC44 /* AppleGuiceInvocationProxy.m */; };
		F16B28031D05D35D0054DC44 /* AppleGuiceSingletonRepository.mm in Sources */ = {isa = PBXBuildFile; fileRef = F16B28001D05D35D0054DC44 /* AppleGuiceSingletonRepository.mm */; };
		F16B28091D05E8E20054DC44 /* AppleGuiceInjector.m in Sources */ = {isa = PBXBuildFile; fileRef = F16B27F01D05D2CE0054DC44 /* AppleGuiceInjector.m */; };
		F16B280B1D05E9340054DC44 /* AppleGuiceInjectableImplementationNotFoundException.m in Sources */ = {isa = PBXBuildFile; fileRef = F16B28061D05E3F20054DC44 /* AppleGuiceInjectableImplementationNotFoundException.m */; };
		F172DD3516F9141300BA754E /* AppleGuice.m in Sources */ = {isa = PBXBuildFile; fileRef = F172DD1516F9141300BA754E /* AppleGuice.m */; };
		F1777745191B85B2008CFEFD /* AppleGuiceClassGeneratorTests.m in Sources */ = {isa = PBXBuildFile; fileRef = F1777744191B85B2008CFEFD /* AppleGuiceClassGeneratorTests.m */; };
		F1777747191B94C6008CFEFD /* AppleGuiceProtocolToClassMapperTests.m in Sources */ = {isa = PBXBuildFile; fileRef = F1777746191B94C6008CFEFD /* AppleGuiceProtocolToClassMapperTests.m */; };
		F18E722616F9135C000BD3CB /* Foundation.framework in Frameworks */ = {isa = PBXBuildFile; fileRef = F18E722516F9135C000BD3CB /* Foundation.framework */; };
		F191023D1D136CA2005C2F09 /* AppleGuiceAutoInjector.m in Sources */ = {isa = PBXBuildFile; fileRef = F19102391D136CA2005C2F09 /* AppleGuiceAutoInjector.m */; };
		F19102451D136CB5005C2F09 /* AppleGuiceSettingsProvider.m in Sources */ = {isa = PBXBuildFile; fileRef = F19102421D136CB5005C2F09 /* AppleGuiceSettingsProvider.m */; };
		F19102C11D141E89005C2F09 /* libAppleGuice.a in Frameworks */ = {isa = PBXBuildFile; fileRef = F18E722216F9135C000BD3CB /* libAppleGuice.a */; };
		F19102C21D141E9C005C2F09 /* AppleGuice.h in Headers */ = {isa = PBXBuildFile; fileRef = F172DD1416F9141300BA754E /* AppleGuice.h */; settings = {ATTRIBUTES = (Public, ); }; };
		F19102C31D141F2F005C2F09 /* AppleGuiceWrapper.h in Headers */ = {isa = PBXBuildFile; fileRef = F19102AC1D141E4B005C2F09 /* AppleGuiceWrapper.h */; settings = {ATTRIBUTES = (Public, ); }; };
		F19102CC1D1422F5005C2F09 /* Foundation.framework in Frameworks */ = {isa = PBXBuildFile; fileRef = F18E722516F9135C000BD3CB /* Foundation.framework */; };
		F1CF54EB1FD80A48004DF674 /* appleGuiceBootstrapper.cpp in Sources */ = {isa = PBXBuildFile; fileRef = F1CF54EA1FD80A48004DF674 /* appleGuiceBootstrapper.cpp */; };
		F1E33BE31A24810E0083660E /* AppleGuiceOCMockMockProvider.m in Sources */ = {isa = PBXBuildFile; fileRef = F1E33BE01A24810E0083660E /* AppleGuiceOCMockMockProvider.m */; };
		F1E33BEB1A2482560083660E /* AppleGuiceMockProvider.m in Sources */ = {isa = PBXBuildFile; fileRef = F1E33BE91A2482560083660E /* AppleGuiceMockProvider.m */; };
		F1E33BEF1A2490ED0083660E /* AppleGuiceOCMockitoMockProvider.m in Sources */ = {isa = PBXBuildFile; fileRef = F1E33BED1A2490ED0083660E /* AppleGuiceOCMockitoMockProvider.m */; };
		F1E33BF31A2495340083660E /* AppleGuiceMockProviderSelectorService.m in Sources */ = {isa = PBXBuildFile; fileRef = F1E33BF11A2495340083660E /* AppleGuiceMockProviderSelectorService.m */; };
		F1FEDFB918D7A7740006D3B4 /* AppleGuiceSingletonRepositoryTests.m in Sources */ = {isa = PBXBuildFile; fileRef = F1FEDFB818D7A7740006D3B4 /* AppleGuiceSingletonRepositoryTests.m */; };
		FA6EB04F206E45790089DBD6 /* AppleGuiceSwiftClassesToTestInjector.swift in Sources */ = {isa = PBXBuildFile; fileRef = FA6EB04E206E45790089DBD6 /* AppleGuiceSwiftClassesToTestInjector.swift */; };
		FA6EB053206E71190089DBD6 /* AppleGuiceInjectorTestsForSwift.m in Sources */ = {isa = PBXBuildFile; fileRef = FA6EB052206E71190089DBD6 /* AppleGuiceInjectorTestsForSwift.m */; };
		FAAFAD8E205C39AF003418E6 /* IvarAccess.h in Headers */ = {isa = PBXBuildFile; fileRef = FAAFAD8D205C39AF003418E6 /* IvarAccess.h */; };
		FADF8ACA205D82F200F8D1E1 /* AppleGuiceSwiftProtocolDemangler.h in Headers */ = {isa = PBXBuildFile; fileRef = FADF8AC8205D82F200F8D1E1 /* AppleGuiceSwiftProtocolDemangler.h */; };
		FADF8ACB205D82F200F8D1E1 /* AppleGuiceSwiftProtocolDemangler.m in Sources */ = {isa = PBXBuildFile; fileRef = FADF8AC9205D82F200F8D1E1 /* AppleGuiceSwiftProtocolDemangler.m */; };
		FADF8ACD205D831900F8D1E1 /* AppleGuiceSwiftProtocolDemanglerProtocol.h in Headers */ = {isa = PBXBuildFile; fileRef = FADF8ACC205D831900F8D1E1 /* AppleGuiceSwiftProtocolDemanglerProtocol.h */; };
		FADF8ACF205D87CF00F8D1E1 /* AppleGuiceSwiftProtocolDemanglerTests.m in Sources */ = {isa = PBXBuildFile; fileRef = FADF8ACE205D87CF00F8D1E1 /* AppleGuiceSwiftProtocolDemanglerTests.m */; };
/* End PBXBuildFile section */

/* Begin PBXContainerItemProxy section */
		F11242531FD8343D00A276F8 /* PBXContainerItemProxy */ = {
			isa = PBXContainerItemProxy;
			containerPortal = F18E721A16F9135C000BD3CB /* Project object */;
			proxyType = 1;
			remoteGlobalIDString = F1CF54E21FD80A12004DF674;
			remoteInfo = Bootstrapper;
		};
		F133DA7118D0BCE40050864F /* PBXContainerItemProxy */ = {
			isa = PBXContainerItemProxy;
			containerPortal = F18E721A16F9135C000BD3CB /* Project object */;
			proxyType = 1;
			remoteGlobalIDString = F18E722116F9135C000BD3CB;
			remoteInfo = AppleGuice;
		};
/* End PBXContainerItemProxy section */

/* Begin PBXCopyFilesBuildPhase section */
		F1CF54E11FD80A12004DF674 /* CopyFiles */ = {
			isa = PBXCopyFilesBuildPhase;
			buildActionMask = 2147483647;
			dstPath = /usr/share/man/man1/;
			dstSubfolderSpec = 0;
			files = (
			);
			runOnlyForDeploymentPostprocessing = 1;
		};
/* End PBXCopyFilesBuildPhase section */

/* Begin PBXFileReference section */
		03F2C5CB32A5D5BC44513463 /* Pods-BootstrapperTests.debug.xcconfig */ = {isa = PBXFileReference; includeInIndex = 1; lastKnownFileType = text.xcconfig; name = "Pods-BootstrapperTests.debug.xcconfig"; path = "Pods/Target Support Files/Pods-BootstrapperTests/Pods-BootstrapperTests.debug.xcconfig"; sourceTree = "<group>"; };
		1BADD5BAB5136B586A8D97AE /* libPods-BootstrapperTests.a */ = {isa = PBXFileReference; explicitFileType = archive.ar; includeInIndex = 0; path = "libPods-BootstrapperTests.a"; sourceTree = BUILT_PRODUCTS_DIR; };
		392C9521977347E6A8A05659 /* libPods-AppleGuiceUnitTests.a */ = {isa = PBXFileReference; explicitFileType = archive.ar; includeInIndex = 0; path = "libPods-AppleGuiceUnitTests.a"; sourceTree = BUILT_PRODUCTS_DIR; };
		3BCB1DCB69D05BED2C1599A6 /* Pods-BootstrapperTests.release.xcconfig */ = {isa = PBXFileReference; includeInIndex = 1; lastKnownFileType = text.xcconfig; name = "Pods-BootstrapperTests.release.xcconfig"; path = "Pods/Target Support Files/Pods-BootstrapperTests/Pods-BootstrapperTests.release.xcconfig"; sourceTree = "<group>"; };
		81FBD0AD1F8ED221E1DC8101 /* Pods-AppleGuiceUnitTests.debug.xcconfig */ = {isa = PBXFileReference; includeInIndex = 1; lastKnownFileType = text.xcconfig; name = "Pods-AppleGuiceUnitTests.debug.xcconfig"; path = "Pods/Target Support Files/Pods-AppleGuiceUnitTests/Pods-AppleGuiceUnitTests.debug.xcconfig"; sourceTree = "<group>"; };
		84973227AA693E29CBA3DE6C /* Pods-AppleGuiceUnitTests.release.xcconfig */ = {isa = PBXFileReference; includeInIndex = 1; lastKnownFileType = text.xcconfig; name = "Pods-AppleGuiceUnitTests.release.xcconfig"; path = "Pods/Target Support Files/Pods-AppleGuiceUnitTests/Pods-AppleGuiceUnitTests.release.xcconfig"; sourceTree = "<group>"; };
		F11242501FD833A800A276F8 /* BootstrapperTests.xctest */ = {isa = PBXFileReference; explicitFileType = wrapper.cfbundle; includeInIndex = 0; path = BootstrapperTests.xctest; sourceTree = BUILT_PRODUCTS_DIR; };
		F11242571FD853E900A276F8 /* libExpecta-iOS.a */ = {isa = PBXFileReference; explicitFileType = archive.ar; path = "libExpecta-iOS.a"; sourceTree = BUILT_PRODUCTS_DIR; };
		F11242581FD857F500A276F8 /* BootstrapperTests-Info.plist */ = {isa = PBXFileReference; fileEncoding = 4; lastKnownFileType = text.plist.xml; path = "BootstrapperTests-Info.plist"; sourceTree = "<group>"; };
		F133DA6218D0BCE40050864F /* AppleGuiceUnitTests.xctest */ = {isa = PBXFileReference; explicitFileType = wrapper.cfbundle; includeInIndex = 0; path = AppleGuiceUnitTests.xctest; sourceTree = BUILT_PRODUCTS_DIR; };
		F133DA6318D0BCE40050864F /* XCTest.framework */ = {isa = PBXFileReference; lastKnownFileType = wrapper.framework; name = XCTest.framework; path = Library/Frameworks/XCTest.framework; sourceTree = DEVELOPER_DIR; };
		F133DA6618D0BCE40050864F /* UIKit.framework */ = {isa = PBXFileReference; lastKnownFileType = wrapper.framework; name = UIKit.framework; path = Library/Frameworks/UIKit.framework; sourceTree = DEVELOPER_DIR; };
		F133DA6A18D0BCE40050864F /* AppleGuiceUnitTests-Info.plist */ = {isa = PBXFileReference; lastKnownFileType = text.plist.xml; path = "AppleGuiceUnitTests-Info.plist"; sourceTree = "<group>"; };
		F133DA6C18D0BCE40050864F /* en */ = {isa = PBXFileReference; lastKnownFileType = text.plist.strings; name = en; path = en.lproj/InfoPlist.strings; sourceTree = "<group>"; };
		F133DA7018D0BCE40050864F /* AppleGuiceUnitTests-Prefix.pch */ = {isa = PBXFileReference; lastKnownFileType = sourcecode.c.h; path = "AppleGuiceUnitTests-Prefix.pch"; sourceTree = "<group>"; };
		F133DA7818D0BD570050864F /* AppleGuiceBindingBootstrapper.h */ = {isa = PBXFileReference; fileEncoding = 4; lastKnownFileType = sourcecode.c.h; path = AppleGuiceBindingBootstrapper.h; sourceTree = "<group>"; };
		F133DA7918D0BD570050864F /* AppleGuiceBindingBootstrapper.m */ = {isa = PBXFileReference; fileEncoding = 4; lastKnownFileType = sourcecode.c.objc; path = AppleGuiceBindingBootstrapper.m; sourceTree = "<group>"; };
		F133DA8018D0BE130050864F /* TestBase.h */ = {isa = PBXFileReference; fileEncoding = 4; lastKnownFileType = sourcecode.c.h; path = TestBase.h; sourceTree = "<group>"; };
		F133DA8118D0BE130050864F /* TestBase.m */ = {isa = PBXFileReference; fileEncoding = 4; lastKnownFileType = sourcecode.c.objc; path = TestBase.m; sourceTree = "<group>"; };
		F133DA8318D0BE2A0050864F /* AppleGuiceAutoInjectorTests.h */ = {isa = PBXFileReference; fileEncoding = 4; lastKnownFileType = sourcecode.c.h; path = AppleGuiceAutoInjectorTests.h; sourceTree = "<group>"; };
		F133DA8418D0BE2A0050864F /* AppleGuiceAutoInjectorTests.m */ = {isa = PBXFileReference; fileEncoding = 4; lastKnownFileType = sourcecode.c.objc; path = AppleGuiceAutoInjectorTests.m; sourceTree = "<group>"; };
		F133DA8518D0BE2A0050864F /* AppleGuiceBindingServiceTests.h */ = {isa = PBXFileReference; fileEncoding = 4; lastKnownFileType = sourcecode.c.h; path = AppleGuiceBindingServiceTests.h; sourceTree = "<group>"; };
		F133DA8618D0BE2A0050864F /* AppleGuiceBindingServiceTests.m */ = {isa = PBXFileReference; fileEncoding = 4; lastKnownFileType = sourcecode.c.objc; path = AppleGuiceBindingServiceTests.m; sourceTree = "<group>"; };
		F133DA8718D0BE2A0050864F /* AppleGuiceInjectorTests.h */ = {isa = PBXFileReference; fileEncoding = 4; lastKnownFileType = sourcecode.c.h; path = AppleGuiceInjectorTests.h; sourceTree = "<group>"; };
		F133DA8818D0BE2A0050864F /* AppleGuiceInjectorTests.m */ = {isa = PBXFileReference; fileEncoding = 4; lastKnownFileType = sourcecode.c.objc; path = AppleGuiceInjectorTests.m; sourceTree = "<group>"; };
		F133DA8918D0BE2A0050864F /* AppleGuiceInstanceCreatorTests.h */ = {isa = PBXFileReference; fileEncoding = 4; lastKnownFileType = sourcecode.c.h; path = AppleGuiceInstanceCreatorTests.h; sourceTree = "<group>"; };
		F133DA8A18D0BE2A0050864F /* AppleGuiceInstanceCreatorTests.m */ = {isa = PBXFileReference; fileEncoding = 4; lastKnownFileType = sourcecode.c.objc; path = AppleGuiceInstanceCreatorTests.m; sourceTree = "<group>"; };
		F133DA8D18D0BE2A0050864F /* AppleGuiceSanity.h */ = {isa = PBXFileReference; fileEncoding = 4; lastKnownFileType = sourcecode.c.h; path = AppleGuiceSanity.h; sourceTree = "<group>"; };
		F133DA8E18D0BE2A0050864F /* AppleGuiceSanity.m */ = {isa = PBXFileReference; fileEncoding = 4; lastKnownFileType = sourcecode.c.objc; path = AppleGuiceSanity.m; sourceTree = "<group>"; };
		F14FF19018EC05E800222D4F /* AppleGuiceProtocolToClassMapper.h */ = {isa = PBXFileReference; fileEncoding = 4; lastKnownFileType = sourcecode.c.h; path = AppleGuiceProtocolToClassMapper.h; sourceTree = "<group>"; };
		F14FF19118EC05E800222D4F /* AppleGuiceProtocolToClassMapper.mm */ = {isa = PBXFileReference; fileEncoding = 4; lastKnownFileType = sourcecode.cpp.objcpp; path = AppleGuiceProtocolToClassMapper.mm; sourceTree = "<group>"; };
		F14FF19418EC2F1C00222D4F /* AppleGuiceBindingService.h */ = {isa = PBXFileReference; fileEncoding = 4; lastKnownFileType = sourcecode.c.h; path = AppleGuiceBindingService.h; sourceTree = "<group>"; };
		F14FF19518EC2F1C00222D4F /* AppleGuiceBindingService.m */ = {isa = PBXFileReference; fileEncoding = 4; lastKnownFileType = sourcecode.c.objc; path = AppleGuiceBindingService.m; sourceTree = "<group>"; };
		F14FF19818EC2F7400222D4F /* AppleGuiceClassGenerator.h */ = {isa = PBXFileReference; fileEncoding = 4; lastKnownFileType = sourcecode.c.h; path = AppleGuiceClassGenerator.h; sourceTree = "<group>"; };
		F14FF19918EC2F7400222D4F /* AppleGuiceClassGenerator.m */ = {isa = PBXFileReference; fileEncoding = 4; lastKnownFileType = sourcecode.c.objc; path = AppleGuiceClassGenerator.m; sourceTree = "<group>"; };
		F14FF19A18EC2F7400222D4F /* AppleGuiceClassGeneratorProtocol.h */ = {isa = PBXFileReference; fileEncoding = 4; lastKnownFileType = sourcecode.c.h; path = AppleGuiceClassGeneratorProtocol.h; sourceTree = "<group>"; };
		F153386C1D217AD000250BE7 /* AppleGuiceLazyLoad.h */ = {isa = PBXFileReference; lastKnownFileType = sourcecode.c.h; path = AppleGuiceLazyLoad.h; sourceTree = "<group>"; };
		F162136316F9D95C00563E38 /* NSObject+AppleGuice.h */ = {isa = PBXFileReference; fileEncoding = 4; lastKnownFileType = sourcecode.c.h; path = "NSObject+AppleGuice.h"; sourceTree = "<group>"; };
		F162136416F9D95C00563E38 /* NSObject+AppleGuice.m */ = {isa = PBXFileReference; fileEncoding = 4; lastKnownFileType = sourcecode.c.objc; path = "NSObject+AppleGuice.m"; sourceTree = "<group>"; };
		F16B27E51D05CB7C0054DC44 /* AppleGuiceInjectable.h */ = {isa = PBXFileReference; fileEncoding = 4; lastKnownFileType = sourcecode.c.h; path = AppleGuiceInjectable.h; sourceTree = "<group>"; };
		F16B27E61D05CB7C0054DC44 /* AppleGuiceOptional.h */ = {isa = PBXFileReference; fileEncoding = 4; lastKnownFileType = sourcecode.c.h; path = AppleGuiceOptional.h; sourceTree = "<group>"; };
		F16B27E71D05CB7C0054DC44 /* AppleGuiceSingleton.h */ = {isa = PBXFileReference; fileEncoding = 4; lastKnownFileType = sourcecode.c.h; path = AppleGuiceSingleton.h; sourceTree = "<group>"; };
		F16B27EB1D05CD580054DC44 /* AppleGuiceBindingServiceProtocol.h */ = {isa = PBXFileReference; fileEncoding = 4; lastKnownFileType = sourcecode.c.h; path = AppleGuiceBindingServiceProtocol.h; sourceTree = "<group>"; };
		F16B27EF1D05D2CE0054DC44 /* AppleGuiceInjector.h */ = {isa = PBXFileReference; fileEncoding = 4; lastKnownFileType = sourcecode.c.h; path = AppleGuiceInjector.h; sourceTree = "<group>"; };
		F16B27F01D05D2CE0054DC44 /* AppleGuiceInjector.m */ = {isa = PBXFileReference; fileEncoding = 4; lastKnownFileType = sourcecode.c.objc; path = AppleGuiceInjector.m; sourceTree = "<group>"; };
		F16B27F11D05D2CE0054DC44 /* AppleGuiceInjectorProtocol.h */ = {isa = PBXFileReference; fileEncoding = 4; lastKnownFileType = sourcecode.c.h; path = AppleGuiceInjectorProtocol.h; sourceTree = "<group>"; };
		F16B27F21D05D2CE0054DC44 /* AppleGuiceInstanceCreator.h */ = {isa = PBXFileReference; fileEncoding = 4; lastKnownFileType = sourcecode.c.h; path = AppleGuiceInstanceCreator.h; sourceTree = "<group>"; };
		F16B27F31D05D2CE0054DC44 /* AppleGuiceInstanceCreator.m */ = {isa = PBXFileReference; fileEncoding = 4; lastKnownFileType = sourcecode.c.objc; path = AppleGuiceInstanceCreator.m; sourceTree = "<group>"; };
		F16B27F41D05D2CE0054DC44 /* AppleGuiceInstanceCreatorProtocol.h */ = {isa = PBXFileReference; fileEncoding = 4; lastKnownFileType = sourcecode.c.h; path = AppleGuiceInstanceCreatorProtocol.h; sourceTree = "<group>"; };
		F16B27F51D05D2CE0054DC44 /* AppleGuiceInvocationProxy.h */ = {isa = PBXFileReference; fileEncoding = 4; lastKnownFileType = sourcecode.c.h; path = AppleGuiceInvocationProxy.h; sourceTree = "<group>"; };
		F16B27F61D05D2CE0054DC44 /* AppleGuiceInvocationProxy.m */ = {isa = PBXFileReference; fileEncoding = 4; lastKnownFileType = sourcecode.c.objc; path = AppleGuiceInvocationProxy.m; sourceTree = "<group>"; };
		F16B27FF1D05D35D0054DC44 /* AppleGuiceSingletonRepository.h */ = {isa = PBXFileReference; fileEncoding = 4; lastKnownFileType = sourcecode.c.h; path = AppleGuiceSingletonRepository.h; sourceTree = "<group>"; };
		F16B28001D05D35D0054DC44 /* AppleGuiceSingletonRepository.mm */ = {isa = PBXFileReference; fileEncoding = 4; lastKnownFileType = sourcecode.cpp.objcpp; path = AppleGuiceSingletonRepository.mm; sourceTree = "<group>"; };
		F16B28011D05D35D0054DC44 /* AppleGuiceSingletonRepositoryProtocol.h */ = {isa = PBXFileReference; fileEncoding = 4; lastKnownFileType = sourcecode.c.h; path = AppleGuiceSingletonRepositoryProtocol.h; sourceTree = "<group>"; };
		F16B28051D05E3F20054DC44 /* AppleGuiceInjectableImplementationNotFoundException.h */ = {isa = PBXFileReference; fileEncoding = 4; lastKnownFileType = sourcecode.c.h; path = AppleGuiceInjectableImplementationNotFoundException.h; sourceTree = "<group>"; };
		F16B28061D05E3F20054DC44 /* AppleGuiceInjectableImplementationNotFoundException.m */ = {isa = PBXFileReference; fileEncoding = 4; lastKnownFileType = sourcecode.c.objc; path = AppleGuiceInjectableImplementationNotFoundException.m; sourceTree = "<group>"; };
		F172DD1416F9141300BA754E /* AppleGuice.h */ = {isa = PBXFileReference; fileEncoding = 4; lastKnownFileType = sourcecode.c.h; path = AppleGuice.h; sourceTree = "<group>"; };
		F172DD1516F9141300BA754E /* AppleGuice.m */ = {isa = PBXFileReference; fileEncoding = 4; lastKnownFileType = sourcecode.c.objc; path = AppleGuice.m; sourceTree = "<group>"; };
		F172DD2416F9141300BA754E /* AppleGuiceMacros.h */ = {isa = PBXFileReference; fileEncoding = 4; lastKnownFileType = sourcecode.c.h; path = AppleGuiceMacros.h; sourceTree = "<group>"; };
		F1777744191B85B2008CFEFD /* AppleGuiceClassGeneratorTests.m */ = {isa = PBXFileReference; fileEncoding = 4; lastKnownFileType = sourcecode.c.objc; path = AppleGuiceClassGeneratorTests.m; sourceTree = "<group>"; };
		F1777746191B94C6008CFEFD /* AppleGuiceProtocolToClassMapperTests.m */ = {isa = PBXFileReference; fileEncoding = 4; lastKnownFileType = sourcecode.c.objc; path = AppleGuiceProtocolToClassMapperTests.m; sourceTree = "<group>"; };
		F18E722216F9135C000BD3CB /* libAppleGuice.a */ = {isa = PBXFileReference; explicitFileType = archive.ar; includeInIndex = 0; path = libAppleGuice.a; sourceTree = BUILT_PRODUCTS_DIR; };
		F18E722516F9135C000BD3CB /* Foundation.framework */ = {isa = PBXFileReference; lastKnownFileType = wrapper.framework; name = Foundation.framework; path = System/Library/Frameworks/Foundation.framework; sourceTree = SDKROOT; };
		F18E722916F9135C000BD3CB /* AppleGuice-Prefix.pch */ = {isa = PBXFileReference; lastKnownFileType = sourcecode.c.h; path = "AppleGuice-Prefix.pch"; sourceTree = "<group>"; };
		F19102381D136CA2005C2F09 /* AppleGuiceAutoInjector.h */ = {isa = PBXFileReference; fileEncoding = 4; lastKnownFileType = sourcecode.c.h; path = AppleGuiceAutoInjector.h; sourceTree = "<group>"; };
		F19102391D136CA2005C2F09 /* AppleGuiceAutoInjector.m */ = {isa = PBXFileReference; fileEncoding = 4; lastKnownFileType = sourcecode.c.objc; path = AppleGuiceAutoInjector.m; sourceTree = "<group>"; };
		F191023A1D136CA2005C2F09 /* AppleGuiceAutoInjectorProtocol.h */ = {isa = PBXFileReference; fileEncoding = 4; lastKnownFileType = sourcecode.c.h; path = AppleGuiceAutoInjectorProtocol.h; sourceTree = "<group>"; };
		F191023B1D136CA2005C2F09 /* AppleGuiceBindingBootstrapperProtocol.h */ = {isa = PBXFileReference; fileEncoding = 4; lastKnownFileType = sourcecode.c.h; path = AppleGuiceBindingBootstrapperProtocol.h; sourceTree = "<group>"; };
		F19102411D136CB5005C2F09 /* AppleGuiceSettingsProvider.h */ = {isa = PBXFileReference; fileEncoding = 4; lastKnownFileType = sourcecode.c.h; path = AppleGuiceSettingsProvider.h; sourceTree = "<group>"; };
		F19102421D136CB5005C2F09 /* AppleGuiceSettingsProvider.m */ = {isa = PBXFileReference; fileEncoding = 4; lastKnownFileType = sourcecode.c.objc; path = AppleGuiceSettingsProvider.m; sourceTree = "<group>"; };
		F19102431D136CB5005C2F09 /* AppleGuiceSettingsProviderProtocol.h */ = {isa = PBXFileReference; fileEncoding = 4; lastKnownFileType = sourcecode.c.h; path = AppleGuiceSettingsProviderProtocol.h; sourceTree = "<group>"; };
		F19102AA1D141E4B005C2F09 /* AppleGuiceWrapper.framework */ = {isa = PBXFileReference; explicitFileType = wrapper.framework; includeInIndex = 0; path = AppleGuiceWrapper.framework; sourceTree = BUILT_PRODUCTS_DIR; };
		F19102AC1D141E4B005C2F09 /* AppleGuiceWrapper.h */ = {isa = PBXFileReference; lastKnownFileType = sourcecode.c.h; path = AppleGuiceWrapper.h; sourceTree = "<group>"; };
		F19102AE1D141E4B005C2F09 /* Info.plist */ = {isa = PBXFileReference; lastKnownFileType = text.plist.xml; path = Info.plist; sourceTree = "<group>"; };
		F19102C51D141F82005C2F09 /* AppleGuiceSync.h */ = {isa = PBXFileReference; lastKnownFileType = sourcecode.c.h; path = AppleGuiceSync.h; sourceTree = "<group>"; };
		F1CF54E31FD80A12004DF674 /* Bootstrapper */ = {isa = PBXFileReference; explicitFileType = "compiled.mach-o.executable"; includeInIndex = 0; path = Bootstrapper; sourceTree = BUILT_PRODUCTS_DIR; };
		F1CF54EA1FD80A48004DF674 /* appleGuiceBootstrapper.cpp */ = {isa = PBXFileReference; fileEncoding = 4; lastKnownFileType = sourcecode.cpp.cpp; path = appleGuiceBootstrapper.cpp; sourceTree = "<group>"; };
		F1CF54F41FD81093004DF674 /* BootstrapperTests.m */ = {isa = PBXFileReference; lastKnownFileType = sourcecode.c.objc; path = BootstrapperTests.m; sourceTree = "<group>"; };
		F1CF54F61FD81093004DF674 /* Info.plist */ = {isa = PBXFileReference; lastKnownFileType = text.plist.xml; path = Info.plist; sourceTree = "<group>"; };
		F1E33BDE1A24810E0083660E /* AppleGuiceMockProviderProtocol.h */ = {isa = PBXFileReference; fileEncoding = 4; lastKnownFileType = sourcecode.c.h; path = AppleGuiceMockProviderProtocol.h; sourceTree = "<group>"; };
		F1E33BDF1A24810E0083660E /* AppleGuiceOCMockMockProvider.h */ = {isa = PBXFileReference; fileEncoding = 4; lastKnownFileType = sourcecode.c.h; path = AppleGuiceOCMockMockProvider.h; sourceTree = "<group>"; };
		F1E33BE01A24810E0083660E /* AppleGuiceOCMockMockProvider.m */ = {isa = PBXFileReference; fileEncoding = 4; lastKnownFileType = sourcecode.c.objc; path = AppleGuiceOCMockMockProvider.m; sourceTree = "<group>"; };
		F1E33BE81A2482560083660E /* AppleGuiceMockProvider.h */ = {isa = PBXFileReference; fileEncoding = 4; lastKnownFileType = sourcecode.c.h; path = AppleGuiceMockProvider.h; sourceTree = "<group>"; };
		F1E33BE91A2482560083660E /* AppleGuiceMockProvider.m */ = {isa = PBXFileReference; fileEncoding = 4; lastKnownFileType = sourcecode.c.objc; path = AppleGuiceMockProvider.m; sourceTree = "<group>"; };
		F1E33BEC1A2490ED0083660E /* AppleGuiceOCMockitoMockProvider.h */ = {isa = PBXFileReference; fileEncoding = 4; lastKnownFileType = sourcecode.c.h; path = AppleGuiceOCMockitoMockProvider.h; sourceTree = "<group>"; };
		F1E33BED1A2490ED0083660E /* AppleGuiceOCMockitoMockProvider.m */ = {isa = PBXFileReference; fileEncoding = 4; lastKnownFileType = sourcecode.c.objc; path = AppleGuiceOCMockitoMockProvider.m; sourceTree = "<group>"; };
		F1E33BF01A2495340083660E /* AppleGuiceMockProviderSelectorService.h */ = {isa = PBXFileReference; fileEncoding = 4; lastKnownFileType = sourcecode.c.h; path = AppleGuiceMockProviderSelectorService.h; sourceTree = "<group>"; };
		F1E33BF11A2495340083660E /* AppleGuiceMockProviderSelectorService.m */ = {isa = PBXFileReference; fileEncoding = 4; lastKnownFileType = sourcecode.c.objc; path = AppleGuiceMockProviderSelectorService.m; sourceTree = "<group>"; };
		F1E33BF41A2495850083660E /* AppleGuiceMockProviderSelectorServiceProtocol.h */ = {isa = PBXFileReference; fileEncoding = 4; lastKnownFileType = sourcecode.c.h; path = AppleGuiceMockProviderSelectorServiceProtocol.h; sourceTree = "<group>"; };
		F1FEDFB718D7A7740006D3B4 /* AppleGuiceSingletonRepositoryTests.h */ = {isa = PBXFileReference; fileEncoding = 4; lastKnownFileType = sourcecode.c.h; path = AppleGuiceSingletonRepositoryTests.h; sourceTree = "<group>"; };
		F1FEDFB818D7A7740006D3B4 /* AppleGuiceSingletonRepositoryTests.m */ = {isa = PBXFileReference; fileEncoding = 4; lastKnownFileType = sourcecode.c.objc; path = AppleGuiceSingletonRepositoryTests.m; sourceTree = "<group>"; };
		FA6EB04D206E45780089DBD6 /* AppleGuiceUnitTests-Bridging-Header.h */ = {isa = PBXFileReference; lastKnownFileType = sourcecode.c.h; path = "AppleGuiceUnitTests-Bridging-Header.h"; sourceTree = "<group>"; };
		FA6EB04E206E45790089DBD6 /* AppleGuiceSwiftClassesToTestInjector.swift */ = {isa = PBXFileReference; lastKnownFileType = sourcecode.swift; path = AppleGuiceSwiftClassesToTestInjector.swift; sourceTree = "<group>"; };
		FA6EB052206E71190089DBD6 /* AppleGuiceInjectorTestsForSwift.m */ = {isa = PBXFileReference; lastKnownFileType = sourcecode.c.objc; path = AppleGuiceInjectorTestsForSwift.m; sourceTree = "<group>"; };
		FAAFAD8D205C39AF003418E6 /* IvarAccess.h */ = {isa = PBXFileReference; fileEncoding = 4; lastKnownFileType = sourcecode.c.h; path = IvarAccess.h; sourceTree = "<group>"; };
		FADF8AC8205D82F200F8D1E1 /* AppleGuiceSwiftProtocolDemangler.h */ = {isa = PBXFileReference; lastKnownFileType = sourcecode.c.h; path = AppleGuiceSwiftProtocolDemangler.h; sourceTree = "<group>"; };
		FADF8AC9205D82F200F8D1E1 /* AppleGuiceSwiftProtocolDemangler.m */ = {isa = PBXFileReference; lastKnownFileType = sourcecode.c.objc; path = AppleGuiceSwiftProtocolDemangler.m; sourceTree = "<group>"; };
		FADF8ACC205D831900F8D1E1 /* AppleGuiceSwiftProtocolDemanglerProtocol.h */ = {isa = PBXFileReference; lastKnownFileType = sourcecode.c.h; path = AppleGuiceSwiftProtocolDemanglerProtocol.h; sourceTree = "<group>"; };
		FADF8ACE205D87CF00F8D1E1 /* AppleGuiceSwiftProtocolDemanglerTests.m */ = {isa = PBXFileReference; lastKnownFileType = sourcecode.c.objc; path = AppleGuiceSwiftProtocolDemanglerTests.m; sourceTree = "<group>"; };
/* End PBXFileReference section */

/* Begin PBXFrameworksBuildPhase section */
		F11242421FD833A800A276F8 /* Frameworks */ = {
			isa = PBXFrameworksBuildPhase;
			buildActionMask = 2147483647;
			files = (
				F11242441FD833A800A276F8 /* XCTest.framework in Frameworks */,
				4C2839D1A7F58AC4717A6B33 /* libPods-BootstrapperTests.a in Frameworks */,
			);
			runOnlyForDeploymentPostprocessing = 0;
		};
		F133DA5F18D0BCE40050864F /* Frameworks */ = {
			isa = PBXFrameworksBuildPhase;
			buildActionMask = 2147483647;
			files = (
				F133DA7618D0BCEC0050864F /* libAppleGuice.a in Frameworks */,
				F133DA6418D0BCE40050864F /* XCTest.framework in Frameworks */,
				F133DA6518D0BCE40050864F /* Foundation.framework in Frameworks */,
				CBF52252CCBF2C157EA875B1 /* libPods-AppleGuiceUnitTests.a in Frameworks */,
			);
			runOnlyForDeploymentPostprocessing = 0;
		};
		F18E721F16F9135C000BD3CB /* Frameworks */ = {
			isa = PBXFrameworksBuildPhase;
			buildActionMask = 2147483647;
			files = (
				F18E722616F9135C000BD3CB /* Foundation.framework in Frameworks */,
			);
			runOnlyForDeploymentPostprocessing = 0;
		};
		F19102A61D141E4B005C2F09 /* Frameworks */ = {
			isa = PBXFrameworksBuildPhase;
			buildActionMask = 2147483647;
			files = (
				F19102CC1D1422F5005C2F09 /* Foundation.framework in Frameworks */,
				F19102C11D141E89005C2F09 /* libAppleGuice.a in Frameworks */,
			);
			runOnlyForDeploymentPostprocessing = 0;
		};
		F1CF54E01FD80A12004DF674 /* Frameworks */ = {
			isa = PBXFrameworksBuildPhase;
			buildActionMask = 2147483647;
			files = (
			);
			runOnlyForDeploymentPostprocessing = 0;
		};
/* End PBXFrameworksBuildPhase section */

/* Begin PBXGroup section */
		2E38FC3BC2078EF08A2D6812 /* Pods */ = {
			isa = PBXGroup;
			children = (
				81FBD0AD1F8ED221E1DC8101 /* Pods-AppleGuiceUnitTests.debug.xcconfig */,
				84973227AA693E29CBA3DE6C /* Pods-AppleGuiceUnitTests.release.xcconfig */,
				03F2C5CB32A5D5BC44513463 /* Pods-BootstrapperTests.debug.xcconfig */,
				3BCB1DCB69D05BED2C1599A6 /* Pods-BootstrapperTests.release.xcconfig */,
			);
			name = Pods;
			sourceTree = "<group>";
		};
		F133DA6818D0BCE40050864F /* AppleGuiceUnitTests */ = {
			isa = PBXGroup;
			children = (
				F133DA8318D0BE2A0050864F /* AppleGuiceAutoInjectorTests.h */,
				F133DA8418D0BE2A0050864F /* AppleGuiceAutoInjectorTests.m */,
				F133DA8518D0BE2A0050864F /* AppleGuiceBindingServiceTests.h */,
				F133DA8618D0BE2A0050864F /* AppleGuiceBindingServiceTests.m */,
				F133DA8718D0BE2A0050864F /* AppleGuiceInjectorTests.h */,
				F133DA8818D0BE2A0050864F /* AppleGuiceInjectorTests.m */,
				FA6EB052206E71190089DBD6 /* AppleGuiceInjectorTestsForSwift.m */,
				FA6EB04E206E45790089DBD6 /* AppleGuiceSwiftClassesToTestInjector.swift */,
				F133DA8918D0BE2A0050864F /* AppleGuiceInstanceCreatorTests.h */,
				F133DA8A18D0BE2A0050864F /* AppleGuiceInstanceCreatorTests.m */,
				F133DA8D18D0BE2A0050864F /* AppleGuiceSanity.h */,
				F133DA8E18D0BE2A0050864F /* AppleGuiceSanity.m */,
				F1FEDFB718D7A7740006D3B4 /* AppleGuiceSingletonRepositoryTests.h */,
				F1FEDFB818D7A7740006D3B4 /* AppleGuiceSingletonRepositoryTests.m */,
				F1777744191B85B2008CFEFD /* AppleGuiceClassGeneratorTests.m */,
				F1777746191B94C6008CFEFD /* AppleGuiceProtocolToClassMapperTests.m */,
				FADF8ACE205D87CF00F8D1E1 /* AppleGuiceSwiftProtocolDemanglerTests.m */,
				F133DA7F18D0BDFE0050864F /* TestBase */,
				F133DA7718D0BD420050864F /* Setup */,
				F133DA6918D0BCE40050864F /* Supporting Files */,
				FA6EB04D206E45780089DBD6 /* AppleGuiceUnitTests-Bridging-Header.h */,
			);
			path = AppleGuiceUnitTests;
			sourceTree = "<group>";
		};
		F133DA6918D0BCE40050864F /* Supporting Files */ = {
			isa = PBXGroup;
			children = (
				F133DA6A18D0BCE40050864F /* AppleGuiceUnitTests-Info.plist */,
				F133DA6B18D0BCE40050864F /* InfoPlist.strings */,
				F133DA7018D0BCE40050864F /* AppleGuiceUnitTests-Prefix.pch */,
			);
			name = "Supporting Files";
			sourceTree = "<group>";
		};
		F133DA7718D0BD420050864F /* Setup */ = {
			isa = PBXGroup;
			children = (
				F133DA7818D0BD570050864F /* AppleGuiceBindingBootstrapper.h */,
				F133DA7918D0BD570050864F /* AppleGuiceBindingBootstrapper.m */,
			);
			path = Setup;
			sourceTree = "<group>";
		};
		F133DA7F18D0BDFE0050864F /* TestBase */ = {
			isa = PBXGroup;
			children = (
				F133DA8018D0BE130050864F /* TestBase.h */,
				F133DA8118D0BE130050864F /* TestBase.m */,
			);
			path = TestBase;
			sourceTree = "<group>";
		};
		F14FF18D18EC058D00222D4F /* BindingService */ = {
			isa = PBXGroup;
			children = (
				F16B27EB1D05CD580054DC44 /* AppleGuiceBindingServiceProtocol.h */,
				F14FF19818EC2F7400222D4F /* AppleGuiceClassGenerator.h */,
				F14FF19918EC2F7400222D4F /* AppleGuiceClassGenerator.m */,
				F14FF19A18EC2F7400222D4F /* AppleGuiceClassGeneratorProtocol.h */,
				F14FF19418EC2F1C00222D4F /* AppleGuiceBindingService.h */,
				F14FF19518EC2F1C00222D4F /* AppleGuiceBindingService.m */,
				F14FF19018EC05E800222D4F /* AppleGuiceProtocolToClassMapper.h */,
				F14FF19118EC05E800222D4F /* AppleGuiceProtocolToClassMapper.mm */,
			);
			path = BindingService;
			sourceTree = "<group>";
		};
		F16B27E41D05CAF90054DC44 /* Decorators */ = {
			isa = PBXGroup;
			children = (
				F16B27E51D05CB7C0054DC44 /* AppleGuiceInjectable.h */,
				F16B27E61D05CB7C0054DC44 /* AppleGuiceOptional.h */,
				F16B27E71D05CB7C0054DC44 /* AppleGuiceSingleton.h */,
				F153386C1D217AD000250BE7 /* AppleGuiceLazyLoad.h */,
			);
			path = Decorators;
			sourceTree = "<group>";
		};
		F16B27ED1D05D1F20054DC44 /* Exceptions */ = {
			isa = PBXGroup;
			children = (
				F16B28051D05E3F20054DC44 /* AppleGuiceInjectableImplementationNotFoundException.h */,
				F16B28061D05E3F20054DC44 /* AppleGuiceInjectableImplementationNotFoundException.m */,
			);
			path = Exceptions;
			sourceTree = "<group>";
		};
		F16B27EE1D05D2CE0054DC44 /* InjectionContainer */ = {
			isa = PBXGroup;
			children = (
				F16B27FF1D05D35D0054DC44 /* AppleGuiceSingletonRepository.h */,
				F16B28001D05D35D0054DC44 /* AppleGuiceSingletonRepository.mm */,
				F16B28011D05D35D0054DC44 /* AppleGuiceSingletonRepositoryProtocol.h */,
				F16B27EF1D05D2CE0054DC44 /* AppleGuiceInjector.h */,
				F16B27F01D05D2CE0054DC44 /* AppleGuiceInjector.m */,
				F16B27F11D05D2CE0054DC44 /* AppleGuiceInjectorProtocol.h */,
				F16B27F21D05D2CE0054DC44 /* AppleGuiceInstanceCreator.h */,
				F16B27F31D05D2CE0054DC44 /* AppleGuiceInstanceCreator.m */,
				F16B27F41D05D2CE0054DC44 /* AppleGuiceInstanceCreatorProtocol.h */,
				F16B27F51D05D2CE0054DC44 /* AppleGuiceInvocationProxy.h */,
				F16B27F61D05D2CE0054DC44 /* AppleGuiceInvocationProxy.m */,
				FAAFAD8D205C39AF003418E6 /* IvarAccess.h */,
				FADF8ACC205D831900F8D1E1 /* AppleGuiceSwiftProtocolDemanglerProtocol.h */,
				FADF8AC8205D82F200F8D1E1 /* AppleGuiceSwiftProtocolDemangler.h */,
				FADF8AC9205D82F200F8D1E1 /* AppleGuiceSwiftProtocolDemangler.m */,
			);
			path = InjectionContainer;
			sourceTree = "<group>";
		};
		F18E721916F9135C000BD3CB = {
			isa = PBXGroup;
			children = (
				F18E722716F9135C000BD3CB /* AppleGuice */,
				F133DA6818D0BCE40050864F /* AppleGuiceUnitTests */,
				F19102AB1D141E4B005C2F09 /* AppleGuiceWrapper */,
				F1CF54E41FD80A12004DF674 /* Bootstrapper */,
				F1CF54F31FD81093004DF674 /* BootstrapperTests */,
				F18E722416F9135C000BD3CB /* Frameworks */,
				F18E722316F9135C000BD3CB /* Products */,
				2E38FC3BC2078EF08A2D6812 /* Pods */,
			);
			sourceTree = "<group>";
		};
		F18E722316F9135C000BD3CB /* Products */ = {
			isa = PBXGroup;
			children = (
				F18E722216F9135C000BD3CB /* libAppleGuice.a */,
				F133DA6218D0BCE40050864F /* AppleGuiceUnitTests.xctest */,
				F19102AA1D141E4B005C2F09 /* AppleGuiceWrapper.framework */,
				F1CF54E31FD80A12004DF674 /* Bootstrapper */,
				F11242501FD833A800A276F8 /* BootstrapperTests.xctest */,
			);
			name = Products;
			sourceTree = "<group>";
		};
		F18E722416F9135C000BD3CB /* Frameworks */ = {
			isa = PBXGroup;
			children = (
				F11242571FD853E900A276F8 /* libExpecta-iOS.a */,
				F18E722516F9135C000BD3CB /* Foundation.framework */,
				F133DA6318D0BCE40050864F /* XCTest.framework */,
				F133DA6618D0BCE40050864F /* UIKit.framework */,
				392C9521977347E6A8A05659 /* libPods-AppleGuiceUnitTests.a */,
				1BADD5BAB5136B586A8D97AE /* libPods-BootstrapperTests.a */,
			);
			name = Frameworks;
			sourceTree = "<group>";
		};
		F18E722716F9135C000BD3CB /* AppleGuice */ = {
			isa = PBXGroup;
			children = (
				F19102401D136CB5005C2F09 /* Settings */,
				F19102371D136C32005C2F09 /* AutoInjector */,
				F16B27EE1D05D2CE0054DC44 /* InjectionContainer */,
				F16B27ED1D05D1F20054DC44 /* Exceptions */,
				F16B27E41D05CAF90054DC44 /* Decorators */,
				F1E33BDD1A2480D50083660E /* Mocking */,
				F14FF18D18EC058D00222D4F /* BindingService */,
				F172DD1416F9141300BA754E /* AppleGuice.h */,
				F172DD1516F9141300BA754E /* AppleGuice.m */,
				F172DD2416F9141300BA754E /* AppleGuiceMacros.h */,
				F162136316F9D95C00563E38 /* NSObject+AppleGuice.h */,
				F162136416F9D95C00563E38 /* NSObject+AppleGuice.m */,
				F19102C51D141F82005C2F09 /* AppleGuiceSync.h */,
				F18E722816F9135C000BD3CB /* Supporting Files */,
			);
			path = AppleGuice;
			sourceTree = "<group>";
		};
		F18E722816F9135C000BD3CB /* Supporting Files */ = {
			isa = PBXGroup;
			children = (
				F18E722916F9135C000BD3CB /* AppleGuice-Prefix.pch */,
			);
			name = "Supporting Files";
			sourceTree = "<group>";
		};
		F19102371D136C32005C2F09 /* AutoInjector */ = {
			isa = PBXGroup;
			children = (
				F19102381D136CA2005C2F09 /* AppleGuiceAutoInjector.h */,
				F19102391D136CA2005C2F09 /* AppleGuiceAutoInjector.m */,
				F191023A1D136CA2005C2F09 /* AppleGuiceAutoInjectorProtocol.h */,
				F191023B1D136CA2005C2F09 /* AppleGuiceBindingBootstrapperProtocol.h */,
			);
			path = AutoInjector;
			sourceTree = "<group>";
		};
		F19102401D136CB5005C2F09 /* Settings */ = {
			isa = PBXGroup;
			children = (
				F19102411D136CB5005C2F09 /* AppleGuiceSettingsProvider.h */,
				F19102421D136CB5005C2F09 /* AppleGuiceSettingsProvider.m */,
				F19102431D136CB5005C2F09 /* AppleGuiceSettingsProviderProtocol.h */,
			);
			path = Settings;
			sourceTree = "<group>";
		};
		F19102AB1D141E4B005C2F09 /* AppleGuiceWrapper */ = {
			isa = PBXGroup;
			children = (
				F19102AC1D141E4B005C2F09 /* AppleGuiceWrapper.h */,
				F19102AE1D141E4B005C2F09 /* Info.plist */,
			);
			path = AppleGuiceWrapper;
			sourceTree = "<group>";
		};
		F1CF54E41FD80A12004DF674 /* Bootstrapper */ = {
			isa = PBXGroup;
			children = (
				F1CF54EA1FD80A48004DF674 /* appleGuiceBootstrapper.cpp */,
			);
			path = Bootstrapper;
			sourceTree = "<group>";
		};
		F1CF54F31FD81093004DF674 /* BootstrapperTests */ = {
			isa = PBXGroup;
			children = (
				F11242581FD857F500A276F8 /* BootstrapperTests-Info.plist */,
				F1CF54F41FD81093004DF674 /* BootstrapperTests.m */,
				F1CF54F61FD81093004DF674 /* Info.plist */,
			);
			path = BootstrapperTests;
			sourceTree = "<group>";
		};
		F1E33BDD1A2480D50083660E /* Mocking */ = {
			isa = PBXGroup;
			children = (
				F1E33BDE1A24810E0083660E /* AppleGuiceMockProviderProtocol.h */,
				F1E33BE81A2482560083660E /* AppleGuiceMockProvider.h */,
				F1E33BE91A2482560083660E /* AppleGuiceMockProvider.m */,
				F1E33BDF1A24810E0083660E /* AppleGuiceOCMockMockProvider.h */,
				F1E33BE01A24810E0083660E /* AppleGuiceOCMockMockProvider.m */,
				F1E33BEC1A2490ED0083660E /* AppleGuiceOCMockitoMockProvider.h */,
				F1E33BED1A2490ED0083660E /* AppleGuiceOCMockitoMockProvider.m */,
				F1E33BF41A2495850083660E /* AppleGuiceMockProviderSelectorServiceProtocol.h */,
				F1E33BF01A2495340083660E /* AppleGuiceMockProviderSelectorService.h */,
				F1E33BF11A2495340083660E /* AppleGuiceMockProviderSelectorService.m */,
			);
			path = Mocking;
			sourceTree = "<group>";
		};
/* End PBXGroup section */

/* Begin PBXHeadersBuildPhase section */
		F150E874170C579E00938549 /* Headers */ = {
			isa = PBXHeadersBuildPhase;
			buildActionMask = 2147483647;
			files = (
				FADF8ACA205D82F200F8D1E1 /* AppleGuiceSwiftProtocolDemangler.h in Headers */,
				FAAFAD8E205C39AF003418E6 /* IvarAccess.h in Headers */,
				F150E875170C57B900938549 /* AppleGuice.h in Headers */,
				FADF8ACD205D831900F8D1E1 /* AppleGuiceSwiftProtocolDemanglerProtocol.h in Headers */,
			);
			runOnlyForDeploymentPostprocessing = 0;
		};
		F19102A71D141E4B005C2F09 /* Headers */ = {
			isa = PBXHeadersBuildPhase;
			buildActionMask = 2147483647;
			files = (
				F19102C31D141F2F005C2F09 /* AppleGuiceWrapper.h in Headers */,
				F19102C21D141E9C005C2F09 /* AppleGuice.h in Headers */,
			);
			runOnlyForDeploymentPostprocessing = 0;
		};
/* End PBXHeadersBuildPhase section */

/* Begin PBXNativeTarget section */
		F11242331FD833A800A276F8 /* BootstrapperTests */ = {
			isa = PBXNativeTarget;
			buildConfigurationList = F112424D1FD833A800A276F8 /* Build configuration list for PBXNativeTarget "BootstrapperTests" */;
			buildPhases = (
				F11242361FD833A800A276F8 /* [CP] Check Pods Manifest.lock */,
				F11242371FD833A800A276F8 /* Sources */,
				F11242421FD833A800A276F8 /* Frameworks */,
				F112424B1FD833A800A276F8 /* [CP] Copy Pods Resources */,
				F112424C1FD833A800A276F8 /* [CP] Embed Pods Frameworks */,
			);
			buildRules = (
			);
			dependencies = (
				F11242541FD8343D00A276F8 /* PBXTargetDependency */,
			);
			name = BootstrapperTests;
			productName = AppleGuiceUnitTests;
			productReference = F11242501FD833A800A276F8 /* BootstrapperTests.xctest */;
			productType = "com.apple.product-type.bundle.unit-test";
		};
		F133DA6118D0BCE40050864F /* AppleGuiceUnitTests */ = {
			isa = PBXNativeTarget;
			buildConfigurationList = F133DA7518D0BCE40050864F /* Build configuration list for PBXNativeTarget "AppleGuiceUnitTests" */;
			buildPhases = (
				0AA0ABDBF39945E89FF31BB4 /* [CP] Check Pods Manifest.lock */,
				F133DA5E18D0BCE40050864F /* Sources */,
				F133DA5F18D0BCE40050864F /* Frameworks */,
				F133DA6018D0BCE40050864F /* Resources */,
				F133DA9518D0BE550050864F /* Bootstrap project */,
				96B7C4D1674F4D26B75542AB /* [CP] Copy Pods Resources */,
				609F8C27328CDA4A2981CE55 /* [CP] Embed Pods Frameworks */,
			);
			buildRules = (
			);
			dependencies = (
				F133DA7218D0BCE40050864F /* PBXTargetDependency */,
			);
			name = AppleGuiceUnitTests;
			productName = AppleGuiceUnitTests;
			productReference = F133DA6218D0BCE40050864F /* AppleGuiceUnitTests.xctest */;
			productType = "com.apple.product-type.bundle.unit-test";
		};
		F18E722116F9135C000BD3CB /* AppleGuice */ = {
			isa = PBXNativeTarget;
			buildConfigurationList = F18E724716F9135C000BD3CB /* Build configuration list for PBXNativeTarget "AppleGuice" */;
			buildPhases = (
				F172DD7916F924C500BA754E /* Bootstrap project */,
				F18E721E16F9135C000BD3CB /* Sources */,
				F18E721F16F9135C000BD3CB /* Frameworks */,
				F150E874170C579E00938549 /* Headers */,
			);
			buildRules = (
			);
			dependencies = (
			);
			name = AppleGuice;
			productName = AppleGuice;
			productReference = F18E722216F9135C000BD3CB /* libAppleGuice.a */;
			productType = "com.apple.product-type.library.static";
		};
		F19102A91D141E4B005C2F09 /* AppleGuiceWrapper */ = {
			isa = PBXNativeTarget;
			buildConfigurationList = F19102BF1D141E4B005C2F09 /* Build configuration list for PBXNativeTarget "AppleGuiceWrapper" */;
			buildPhases = (
				F19102A51D141E4B005C2F09 /* Sources */,
				F19102A61D141E4B005C2F09 /* Frameworks */,
				F19102A71D141E4B005C2F09 /* Headers */,
				F19102A81D141E4B005C2F09 /* Resources */,
			);
			buildRules = (
			);
			dependencies = (
			);
			name = AppleGuiceWrapper;
			productName = AppleGuiceWrapper;
			productReference = F19102AA1D141E4B005C2F09 /* AppleGuiceWrapper.framework */;
			productType = "com.apple.product-type.framework";
		};
		F1CF54E21FD80A12004DF674 /* Bootstrapper */ = {
			isa = PBXNativeTarget;
			buildConfigurationList = F1CF54E91FD80A12004DF674 /* Build configuration list for PBXNativeTarget "Bootstrapper" */;
			buildPhases = (
				F1CF54DF1FD80A12004DF674 /* Sources */,
				F1CF54E01FD80A12004DF674 /* Frameworks */,
				F1CF54E11FD80A12004DF674 /* CopyFiles */,
			);
			buildRules = (
			);
			dependencies = (
			);
			name = Bootstrapper;
			productName = Bootstrapper;
			productReference = F1CF54E31FD80A12004DF674 /* Bootstrapper */;
			productType = "com.apple.product-type.tool";
		};
/* End PBXNativeTarget section */

/* Begin PBXProject section */
		F18E721A16F9135C000BD3CB /* Project object */ = {
			isa = PBXProject;
			attributes = {
				LastUpgradeCheck = 0730;
				ORGANIZATIONNAME = "Tomer Shiri";
				TargetAttributes = {
					F133DA6118D0BCE40050864F = {
						LastSwiftMigration = 0920;
						TestTargetID = F18E722116F9135C000BD3CB;
					};
					F19102A91D141E4B005C2F09 = {
						CreatedOnToolsVersion = 7.3;
					};
					F1CF54E21FD80A12004DF674 = {
						CreatedOnToolsVersion = 9.1;
						ProvisioningStyle = Automatic;
					};
				};
			};
			buildConfigurationList = F18E721D16F9135C000BD3CB /* Build configuration list for PBXProject "AppleGuice" */;
			compatibilityVersion = "Xcode 3.2";
			developmentRegion = English;
			hasScannedForEncodings = 0;
			knownRegions = (
				en,
			);
			mainGroup = F18E721916F9135C000BD3CB;
			productRefGroup = F18E722316F9135C000BD3CB /* Products */;
			projectDirPath = "";
			projectRoot = "";
			targets = (
				F18E722116F9135C000BD3CB /* AppleGuice */,
				F133DA6118D0BCE40050864F /* AppleGuiceUnitTests */,
				F19102A91D141E4B005C2F09 /* AppleGuiceWrapper */,
				F1CF54E21FD80A12004DF674 /* Bootstrapper */,
				F11242331FD833A800A276F8 /* BootstrapperTests */,
			);
		};
/* End PBXProject section */

/* Begin PBXResourcesBuildPhase section */
		F133DA6018D0BCE40050864F /* Resources */ = {
			isa = PBXResourcesBuildPhase;
			buildActionMask = 2147483647;
			files = (
				F133DA6D18D0BCE40050864F /* InfoPlist.strings in Resources */,
			);
			runOnlyForDeploymentPostprocessing = 0;
		};
		F19102A81D141E4B005C2F09 /* Resources */ = {
			isa = PBXResourcesBuildPhase;
			buildActionMask = 2147483647;
			files = (
			);
			runOnlyForDeploymentPostprocessing = 0;
		};
/* End PBXResourcesBuildPhase section */

/* Begin PBXShellScriptBuildPhase section */
		0AA0ABDBF39945E89FF31BB4 /* [CP] Check Pods Manifest.lock */ = {
			isa = PBXShellScriptBuildPhase;
			buildActionMask = 2147483647;
			files = (
			);
			inputPaths = (
				"${PODS_PODFILE_DIR_PATH}/Podfile.lock",
				"${PODS_ROOT}/Manifest.lock",
			);
			name = "[CP] Check Pods Manifest.lock";
			outputPaths = (
				"$(DERIVED_FILE_DIR)/Pods-AppleGuiceUnitTests-checkManifestLockResult.txt",
			);
			runOnlyForDeploymentPostprocessing = 0;
			shellPath = /bin/sh;
			shellScript = "diff \"${PODS_PODFILE_DIR_PATH}/Podfile.lock\" \"${PODS_ROOT}/Manifest.lock\" > /dev/null\nif [ $? != 0 ] ; then\n    # print error to STDERR\n    echo \"error: The sandbox is not in sync with the Podfile.lock. Run 'pod install' or update your CocoaPods installation.\" >&2\n    exit 1\nfi\n# This output is used by Xcode 'outputs' to avoid re-running this script phase.\necho \"SUCCESS\" > \"${SCRIPT_OUTPUT_FILE_0}\"\n";
			showEnvVarsInLog = 0;
		};
		609F8C27328CDA4A2981CE55 /* [CP] Embed Pods Frameworks */ = {
			isa = PBXShellScriptBuildPhase;
			buildActionMask = 2147483647;
			files = (
			);
			inputPaths = (
			);
			name = "[CP] Embed Pods Frameworks";
			outputPaths = (
			);
			runOnlyForDeploymentPostprocessing = 0;
			shellPath = /bin/sh;
			shellScript = "\"${SRCROOT}/Pods/Target Support Files/Pods-AppleGuiceUnitTests/Pods-AppleGuiceUnitTests-frameworks.sh\"\n";
			showEnvVarsInLog = 0;
		};
		96B7C4D1674F4D26B75542AB /* [CP] Copy Pods Resources */ = {
			isa = PBXShellScriptBuildPhase;
			buildActionMask = 2147483647;
			files = (
			);
			inputPaths = (
			);
			name = "[CP] Copy Pods Resources";
			outputPaths = (
			);
			runOnlyForDeploymentPostprocessing = 0;
			shellPath = /bin/sh;
			shellScript = "\"${SRCROOT}/Pods/Target Support Files/Pods-AppleGuiceUnitTests/Pods-AppleGuiceUnitTests-resources.sh\"\n";
			showEnvVarsInLog = 0;
		};
		F11242361FD833A800A276F8 /* [CP] Check Pods Manifest.lock */ = {
			isa = PBXShellScriptBuildPhase;
			buildActionMask = 2147483647;
			files = (
			);
			inputPaths = (
				"${PODS_PODFILE_DIR_PATH}/Podfile.lock",
				"${PODS_ROOT}/Manifest.lock",
			);
			name = "[CP] Check Pods Manifest.lock";
			outputPaths = (
				"$(DERIVED_FILE_DIR)/Pods-BootstrapperTests-checkManifestLockResult.txt",
			);
			runOnlyForDeploymentPostprocessing = 0;
			shellPath = /bin/sh;
			shellScript = "diff \"${PODS_PODFILE_DIR_PATH}/Podfile.lock\" \"${PODS_ROOT}/Manifest.lock\" > /dev/null\nif [ $? != 0 ] ; then\n    # print error to STDERR\n    echo \"error: The sandbox is not in sync with the Podfile.lock. Run 'pod install' or update your CocoaPods installation.\" >&2\n    exit 1\nfi\n# This output is used by Xcode 'outputs' to avoid re-running this script phase.\necho \"SUCCESS\" > \"${SCRIPT_OUTPUT_FILE_0}\"\n";
			showEnvVarsInLog = 0;
		};
		F112424B1FD833A800A276F8 /* [CP] Copy Pods Resources */ = {
			isa = PBXShellScriptBuildPhase;
			buildActionMask = 2147483647;
			files = (
			);
			inputPaths = (
			);
			name = "[CP] Copy Pods Resources";
			outputPaths = (
			);
			runOnlyForDeploymentPostprocessing = 0;
			shellPath = /bin/sh;
			shellScript = "\"${SRCROOT}/Pods/Target Support Files/Pods-BootstrapperTests/Pods-BootstrapperTests-resources.sh\"\n";
			showEnvVarsInLog = 0;
		};
		F112424C1FD833A800A276F8 /* [CP] Embed Pods Frameworks */ = {
			isa = PBXShellScriptBuildPhase;
			buildActionMask = 2147483647;
			files = (
			);
			inputPaths = (
			);
			name = "[CP] Embed Pods Frameworks";
			outputPaths = (
			);
			runOnlyForDeploymentPostprocessing = 0;
			shellPath = /bin/sh;
			shellScript = "\"${SRCROOT}/Pods/Target Support Files/Pods-BootstrapperTests/Pods-BootstrapperTests-frameworks.sh\"\n";
			showEnvVarsInLog = 0;
		};
		F133DA9518D0BE550050864F /* Bootstrap project */ = {
			isa = PBXShellScriptBuildPhase;
			buildActionMask = 2147483647;
			files = (
			);
			inputPaths = (
			);
			name = "Bootstrap project";
			outputPaths = (
			);
			runOnlyForDeploymentPostprocessing = 0;
			shellPath = /bin/sh;
			shellScript = "PROJECT_ROOT=${PROJECT_DIR}\nbash ${PROJECT_DIR}/Bootstrapper/appleGuiceBootstrapper.sh ${PROJECT_ROOT} ${PROJECT_DIR}/AppleGuiceUnitTests/Setup/AppleGuiceBindingBootstrapper.m";
		};
		F172DD7916F924C500BA754E /* Bootstrap project */ = {
			isa = PBXShellScriptBuildPhase;
			buildActionMask = 2147483647;
			files = (
			);
			inputPaths = (
			);
			name = "Bootstrap project";
			outputPaths = (
			);
			runOnlyForDeploymentPostprocessing = 0;
			shellPath = /bin/sh;
			shellScript = "PROJECT_ROOT=${PROJECT_DIR}\nbash ${PROJECT_DIR}/Bootstrapper/appleGuiceBootstrapper.sh ${PROJECT_ROOT} ${PROJECT_DIR}/AppleGuice/AppleGuiceBindingBootstrapper.m";
		};
/* End PBXShellScriptBuildPhase section */

/* Begin PBXSourcesBuildPhase section */
		F11242371FD833A800A276F8 /* Sources */ = {
			isa = PBXSourcesBuildPhase;
			buildActionMask = 2147483647;
			files = (
				F11242551FD8346E00A276F8 /* BootstrapperTests.m in Sources */,
			);
			runOnlyForDeploymentPostprocessing = 0;
		};
		F133DA5E18D0BCE40050864F /* Sources */ = {
			isa = PBXSourcesBuildPhase;
			buildActionMask = 2147483647;
			files = (
				F133DA9118D0BE2A0050864F /* AppleGuiceInjectorTests.m in Sources */,
				F1777745191B85B2008CFEFD /* AppleGuiceClassGeneratorTests.m in Sources */,
				F133DA8218D0BE130050864F /* TestBase.m in Sources */,
				F1FEDFB918D7A7740006D3B4 /* AppleGuiceSingletonRepositoryTests.m in Sources */,
				FADF8ACF205D87CF00F8D1E1 /* AppleGuiceSwiftProtocolDemanglerTests.m in Sources */,
				F133DA8F18D0BE2A0050864F /* AppleGuiceAutoInjectorTests.m in Sources */,
				FA6EB04F206E45790089DBD6 /* AppleGuiceSwiftClassesToTestInjector.swift in Sources */,
				F133DA7A18D0BD570050864F /* AppleGuiceBindingBootstrapper.m in Sources */,
				F133DA9018D0BE2A0050864F /* AppleGuiceBindingServiceTests.m in Sources */,
				F1777747191B94C6008CFEFD /* AppleGuiceProtocolToClassMapperTests.m in Sources */,
				F133DA9418D0BE2A0050864F /* AppleGuiceSanity.m in Sources */,
				FA6EB053206E71190089DBD6 /* AppleGuiceInjectorTestsForSwift.m in Sources */,
				F133DA9218D0BE2A0050864F /* AppleGuiceInstanceCreatorTests.m in Sources */,
			);
			runOnlyForDeploymentPostprocessing = 0;
		};
		F18E721E16F9135C000BD3CB /* Sources */ = {
			isa = PBXSourcesBuildPhase;
			buildActionMask = 2147483647;
			files = (
				F172DD3516F9141300BA754E /* AppleGuice.m in Sources */,
				F1E33BE31A24810E0083660E /* AppleGuiceOCMockMockProvider.m in Sources */,
				F19102451D136CB5005C2F09 /* AppleGuiceSettingsProvider.m in Sources */,
				F16B280B1D05E9340054DC44 /* AppleGuiceInjectableImplementationNotFoundException.m in Sources */,
				FADF8ACB205D82F200F8D1E1 /* AppleGuiceSwiftProtocolDemangler.m in Sources */,
				F16B27FB1D05D2CE0054DC44 /* AppleGuiceInstanceCreator.m in Sources */,
				F16B28031D05D35D0054DC44 /* AppleGuiceSingletonRepository.mm in Sources */,
				F14FF19C18EC2F7400222D4F /* AppleGuiceClassGenerator.m in Sources */,
				F14FF19718EC2F1C00222D4F /* AppleGuiceBindingService.m in Sources */,
				F1E33BEB1A2482560083660E /* AppleGuiceMockProvider.m in Sources */,
				F1E33BEF1A2490ED0083660E /* AppleGuiceOCMockitoMockProvider.m in Sources */,
				F14FF19318EC05E800222D4F /* AppleGuiceProtocolToClassMapper.mm in Sources */,
				F16B27FE1D05D2CE0054DC44 /* AppleGuiceInvocationProxy.m in Sources */,
				F16B28091D05E8E20054DC44 /* AppleGuiceInjector.m in Sources */,
				F191023D1D136CA2005C2F09 /* AppleGuiceAutoInjector.m in Sources */,
				F162136516F9D95C00563E38 /* NSObject+AppleGuice.m in Sources */,
				F1E33BF31A2495340083660E /* AppleGuiceMockProviderSelectorService.m in Sources */,
			);
			runOnlyForDeploymentPostprocessing = 0;
		};
		F19102A51D141E4B005C2F09 /* Sources */ = {
			isa = PBXSourcesBuildPhase;
			buildActionMask = 2147483647;
			files = (
			);
			runOnlyForDeploymentPostprocessing = 0;
		};
		F1CF54DF1FD80A12004DF674 /* Sources */ = {
			isa = PBXSourcesBuildPhase;
			buildActionMask = 2147483647;
			files = (
				F1CF54EB1FD80A48004DF674 /* appleGuiceBootstrapper.cpp in Sources */,
			);
			runOnlyForDeploymentPostprocessing = 0;
		};
/* End PBXSourcesBuildPhase section */

/* Begin PBXTargetDependency section */
		F11242541FD8343D00A276F8 /* PBXTargetDependency */ = {
			isa = PBXTargetDependency;
			target = F1CF54E21FD80A12004DF674 /* Bootstrapper */;
			targetProxy = F11242531FD8343D00A276F8 /* PBXContainerItemProxy */;
		};
		F133DA7218D0BCE40050864F /* PBXTargetDependency */ = {
			isa = PBXTargetDependency;
			target = F18E722116F9135C000BD3CB /* AppleGuice */;
			targetProxy = F133DA7118D0BCE40050864F /* PBXContainerItemProxy */;
		};
/* End PBXTargetDependency section */

/* Begin PBXVariantGroup section */
		F133DA6B18D0BCE40050864F /* InfoPlist.strings */ = {
			isa = PBXVariantGroup;
			children = (
				F133DA6C18D0BCE40050864F /* en */,
			);
			name = InfoPlist.strings;
			sourceTree = "<group>";
		};
/* End PBXVariantGroup section */

/* Begin XCBuildConfiguration section */
		F112424E1FD833A800A276F8 /* Debug */ = {
			isa = XCBuildConfiguration;
			baseConfigurationReference = 03F2C5CB32A5D5BC44513463 /* Pods-BootstrapperTests.debug.xcconfig */;
			buildSettings = {
				CLANG_ENABLE_CODE_COVERAGE = NO;
				CLANG_ENABLE_MODULES = YES;
				CLANG_ENABLE_OBJC_ARC = NO;
				CLANG_WARN_BOOL_CONVERSION = YES;
				CLANG_WARN_DIRECT_OBJC_ISA_USAGE = YES_ERROR;
				CLANG_WARN_OBJC_ROOT_CLASS = YES_ERROR;
				FRAMEWORK_SEARCH_PATHS = "$(inherited)";
				GCC_INSTRUMENT_PROGRAM_FLOW_ARCS = NO;
				GCC_PRECOMPILE_PREFIX_HEADER = YES;
				GCC_PREPROCESSOR_DEFINITIONS = (
					"DEBUG=1",
					"$(inherited)",
				);
				GCC_WARN_64_TO_32_BIT_CONVERSION = YES;
				GCC_WARN_ABOUT_RETURN_TYPE = YES_ERROR;
				GCC_WARN_PEDANTIC = NO;
				GCC_WARN_UNDECLARED_SELECTOR = YES;
				GCC_WARN_UNINITIALIZED_AUTOS = YES_AGGRESSIVE;
				GCC_WARN_UNUSED_FUNCTION = YES;
				INFOPLIST_FILE = "BootstrapperTests/BootstrapperTests-Info.plist";
				MACOSX_DEPLOYMENT_TARGET = 10.8;
				ONLY_ACTIVE_ARCH = YES;
				OTHER_LDFLAGS = (
					"$(inherited)",
					"-ObjC",
					"-framework",
					Foundation,
					"-lc++",
				);
				PRODUCT_BUNDLE_IDENTIFIER = "com.AppleGuice.${PRODUCT_NAME:rfc1034identifier}";
				PRODUCT_NAME = "$(TARGET_NAME)";
				SDKROOT = macosx;
				VALID_ARCHS = "$(inherited) i386 x86_64";
				WRAPPER_EXTENSION = xctest;
			};
			name = Debug;
		};
		F112424F1FD833A800A276F8 /* Release */ = {
			isa = XCBuildConfiguration;
			baseConfigurationReference = 3BCB1DCB69D05BED2C1599A6 /* Pods-BootstrapperTests.release.xcconfig */;
			buildSettings = {
				CLANG_ENABLE_CODE_COVERAGE = NO;
				CLANG_ENABLE_MODULES = YES;
				CLANG_ENABLE_OBJC_ARC = NO;
				CLANG_WARN_BOOL_CONVERSION = YES;
				CLANG_WARN_DIRECT_OBJC_ISA_USAGE = YES_ERROR;
				CLANG_WARN_OBJC_ROOT_CLASS = YES_ERROR;
				ENABLE_NS_ASSERTIONS = NO;
				FRAMEWORK_SEARCH_PATHS = "$(inherited)";
				GCC_INSTRUMENT_PROGRAM_FLOW_ARCS = NO;
				GCC_PRECOMPILE_PREFIX_HEADER = YES;
				GCC_WARN_64_TO_32_BIT_CONVERSION = YES;
				GCC_WARN_ABOUT_RETURN_TYPE = YES_ERROR;
				GCC_WARN_PEDANTIC = NO;
				GCC_WARN_UNDECLARED_SELECTOR = YES;
				GCC_WARN_UNINITIALIZED_AUTOS = YES_AGGRESSIVE;
				GCC_WARN_UNUSED_FUNCTION = YES;
				INFOPLIST_FILE = "BootstrapperTests/BootstrapperTests-Info.plist";
				MACOSX_DEPLOYMENT_TARGET = 10.8;
				ONLY_ACTIVE_ARCH = YES;
				OTHER_LDFLAGS = (
					"$(inherited)",
					"-ObjC",
					"-framework",
					Foundation,
					"-lc++",
				);
				PRODUCT_BUNDLE_IDENTIFIER = "com.AppleGuice.${PRODUCT_NAME:rfc1034identifier}";
				PRODUCT_NAME = "$(TARGET_NAME)";
				SDKROOT = macosx;
				VALID_ARCHS = "$(inherited) i386 x86_64";
				WRAPPER_EXTENSION = xctest;
			};
			name = Release;
		};
		F133DA7318D0BCE40050864F /* Debug */ = {
			isa = XCBuildConfiguration;
			baseConfigurationReference = 81FBD0AD1F8ED221E1DC8101 /* Pods-AppleGuiceUnitTests.debug.xcconfig */;
			buildSettings = {
				CLANG_ENABLE_MODULES = YES;
				CLANG_ENABLE_OBJC_ARC = NO;
				CLANG_WARN_BOOL_CONVERSION = YES;
				CLANG_WARN_DIRECT_OBJC_ISA_USAGE = YES_ERROR;
				CLANG_WARN_OBJC_ROOT_CLASS = YES_ERROR;
				FRAMEWORK_SEARCH_PATHS = "$(inherited)";
				GCC_INSTRUMENT_PROGRAM_FLOW_ARCS = YES;
				GCC_PRECOMPILE_PREFIX_HEADER = YES;
				GCC_PREFIX_HEADER = "AppleGuiceUnitTests/AppleGuiceUnitTests-Prefix.pch";
				GCC_PREPROCESSOR_DEFINITIONS = (
					"DEBUG=1",
					"$(inherited)",
				);
				GCC_TREAT_WARNINGS_AS_ERRORS = YES;
				GCC_WARN_64_TO_32_BIT_CONVERSION = YES;
				GCC_WARN_ABOUT_RETURN_TYPE = YES_ERROR;
				GCC_WARN_PEDANTIC = NO;
				GCC_WARN_UNDECLARED_SELECTOR = YES;
				GCC_WARN_UNINITIALIZED_AUTOS = YES_AGGRESSIVE;
				GCC_WARN_UNUSED_FUNCTION = YES;
				INFOPLIST_FILE = "AppleGuiceUnitTests/AppleGuiceUnitTests-Info.plist";
				IPHONEOS_DEPLOYMENT_TARGET = 8.0;
				LD_RUNPATH_SEARCH_PATHS = "$(inherited) @executable_path/Frameworks @loader_path/Frameworks";
				ONLY_ACTIVE_ARCH = YES;
				OTHER_LDFLAGS = (
					"$(inherited)",
					"-ObjC",
					"-framework",
					Foundation,
					"-lc++",
				);
				PRODUCT_BUNDLE_IDENTIFIER = "com.AppleGuice.${PRODUCT_NAME:rfc1034identifier}";
				PRODUCT_NAME = "$(TARGET_NAME)";
				SWIFT_OBJC_BRIDGING_HEADER = "AppleGuiceUnitTests/AppleGuiceUnitTests-Bridging-Header.h";
				SWIFT_OPTIMIZATION_LEVEL = "-Onone";
				SWIFT_VERSION = 3.0;
				VALID_ARCHS = "$(inherited) i386 x86_64";
				WRAPPER_EXTENSION = xctest;
			};
			name = Debug;
		};
		F133DA7418D0BCE40050864F /* Release */ = {
			isa = XCBuildConfiguration;
			baseConfigurationReference = 84973227AA693E29CBA3DE6C /* Pods-AppleGuiceUnitTests.release.xcconfig */;
			buildSettings = {
				CLANG_ENABLE_MODULES = YES;
				CLANG_ENABLE_OBJC_ARC = NO;
				CLANG_WARN_BOOL_CONVERSION = YES;
				CLANG_WARN_DIRECT_OBJC_ISA_USAGE = YES_ERROR;
				CLANG_WARN_OBJC_ROOT_CLASS = YES_ERROR;
				ENABLE_NS_ASSERTIONS = NO;
				FRAMEWORK_SEARCH_PATHS = "$(inherited)";
				GCC_INSTRUMENT_PROGRAM_FLOW_ARCS = YES;
				GCC_PRECOMPILE_PREFIX_HEADER = YES;
				GCC_PREFIX_HEADER = "AppleGuiceUnitTests/AppleGuiceUnitTests-Prefix.pch";
				GCC_TREAT_WARNINGS_AS_ERRORS = YES;
				GCC_WARN_64_TO_32_BIT_CONVERSION = YES;
				GCC_WARN_ABOUT_RETURN_TYPE = YES_ERROR;
				GCC_WARN_PEDANTIC = NO;
				GCC_WARN_UNDECLARED_SELECTOR = YES;
				GCC_WARN_UNINITIALIZED_AUTOS = YES_AGGRESSIVE;
				GCC_WARN_UNUSED_FUNCTION = YES;
				INFOPLIST_FILE = "AppleGuiceUnitTests/AppleGuiceUnitTests-Info.plist";
				IPHONEOS_DEPLOYMENT_TARGET = 8.0;
				LD_RUNPATH_SEARCH_PATHS = "$(inherited) @executable_path/Frameworks @loader_path/Frameworks";
				ONLY_ACTIVE_ARCH = YES;
				OTHER_LDFLAGS = (
					"$(inherited)",
					"-ObjC",
					"-framework",
					Foundation,
					"-lc++",
				);
				PRODUCT_BUNDLE_IDENTIFIER = "com.AppleGuice.${PRODUCT_NAME:rfc1034identifier}";
				PRODUCT_NAME = "$(TARGET_NAME)";
				SWIFT_OBJC_BRIDGING_HEADER = "AppleGuiceUnitTests/AppleGuiceUnitTests-Bridging-Header.h";
				SWIFT_VERSION = 3.0;
				VALID_ARCHS = "$(inherited) i386 x86_64";
				WRAPPER_EXTENSION = xctest;
			};
			name = Release;
		};
		F18E724516F9135C000BD3CB /* Debug */ = {
			isa = XCBuildConfiguration;
			buildSettings = {
				ALWAYS_SEARCH_USER_PATHS = NO;
				CLANG_CXX_LANGUAGE_STANDARD = "c++0x";
				CLANG_CXX_LIBRARY = "libc++";
				CLANG_WARN_CONSTANT_CONVERSION = YES;
				CLANG_WARN_EMPTY_BODY = YES;
				CLANG_WARN_ENUM_CONVERSION = YES;
				CLANG_WARN_INT_CONVERSION = YES;
				CLANG_WARN__DUPLICATE_METHOD_MATCH = YES;
				COPY_PHASE_STRIP = NO;
				ENABLE_TESTABILITY = YES;
				GCC_C_LANGUAGE_STANDARD = c11;
				GCC_DYNAMIC_NO_PIC = NO;
				GCC_OPTIMIZATION_LEVEL = 0;
				GCC_PREPROCESSOR_DEFINITIONS = (
					"DEBUG=1",
					"$(inherited)",
				);
				GCC_SYMBOLS_PRIVATE_EXTERN = NO;
				GCC_TREAT_WARNINGS_AS_ERRORS = YES;
				GCC_WARN_ABOUT_RETURN_TYPE = YES;
				GCC_WARN_INHIBIT_ALL_WARNINGS = NO;
				GCC_WARN_PEDANTIC = YES;
				GCC_WARN_UNINITIALIZED_AUTOS = YES;
				GCC_WARN_UNUSED_VARIABLE = YES;
				HEADER_SEARCH_PATHS = (
					"$(PROJECT_DIR)/**",
					"$(inherited)",
					/Applications/Xcode.app/Contents/Developer/Toolchains/XcodeDefault.xctoolchain/usr/include,
				);
				IPHONEOS_DEPLOYMENT_TARGET = 8.0;
				ONLY_ACTIVE_ARCH = YES;
				OTHER_LDFLAGS = (
					"$(inherited)",
					"-all_load",
				);
				SDKROOT = iphoneos;
				VALID_ARCHS = "$(inherited) i386";
			};
			name = Debug;
		};
		F18E724616F9135C000BD3CB /* Release */ = {
			isa = XCBuildConfiguration;
			buildSettings = {
				ALWAYS_SEARCH_USER_PATHS = NO;
				CLANG_CXX_LANGUAGE_STANDARD = "c++0x";
				CLANG_CXX_LIBRARY = "libc++";
				CLANG_WARN_CONSTANT_CONVERSION = YES;
				CLANG_WARN_EMPTY_BODY = YES;
				CLANG_WARN_ENUM_CONVERSION = YES;
				CLANG_WARN_INT_CONVERSION = YES;
				CLANG_WARN__DUPLICATE_METHOD_MATCH = YES;
				COPY_PHASE_STRIP = YES;
				GCC_C_LANGUAGE_STANDARD = c11;
				GCC_TREAT_WARNINGS_AS_ERRORS = YES;
				GCC_WARN_ABOUT_RETURN_TYPE = YES;
				GCC_WARN_INHIBIT_ALL_WARNINGS = NO;
				GCC_WARN_PEDANTIC = YES;
				GCC_WARN_UNINITIALIZED_AUTOS = YES;
				GCC_WARN_UNUSED_VARIABLE = YES;
				HEADER_SEARCH_PATHS = (
					"$(PROJECT_DIR)/**",
					"$(inherited)",
					/Applications/Xcode.app/Contents/Developer/Toolchains/XcodeDefault.xctoolchain/usr/include,
				);
				IPHONEOS_DEPLOYMENT_TARGET = 8.0;
				OTHER_LDFLAGS = (
					"$(inherited)",
					"-all_load",
				);
				SDKROOT = iphoneos;
				VALIDATE_PRODUCT = YES;
				VALID_ARCHS = "$(inherited) i386";
			};
			name = Release;
		};
		F18E724816F9135C000BD3CB /* Debug */ = {
			isa = XCBuildConfiguration;
			buildSettings = {
				DSTROOT = /tmp/AppleGuice.dst;
				GCC_PRECOMPILE_PREFIX_HEADER = YES;
				GCC_PREFIX_HEADER = "AppleGuice/AppleGuice-Prefix.pch";
				GCC_TREAT_WARNINGS_AS_ERRORS = YES;
				GCC_VERSION = "";
				OTHER_LDFLAGS = (
					"$(inherited)",
					"-ObjC",
				);
				PRODUCT_NAME = "$(TARGET_NAME)";
				SKIP_INSTALL = YES;
				VALID_ARCHS = "$(inherited)";
				WARNING_CFLAGS = "";
			};
			name = Debug;
		};
		F18E724916F9135C000BD3CB /* Release */ = {
			isa = XCBuildConfiguration;
			buildSettings = {
				DSTROOT = /tmp/AppleGuice.dst;
				GCC_PRECOMPILE_PREFIX_HEADER = YES;
				GCC_PREFIX_HEADER = "AppleGuice/AppleGuice-Prefix.pch";
				GCC_TREAT_WARNINGS_AS_ERRORS = YES;
				GCC_VERSION = "";
				OTHER_LDFLAGS = (
					"$(inherited)",
					"-ObjC",
				);
				PRODUCT_NAME = "$(TARGET_NAME)";
				SKIP_INSTALL = YES;
				VALID_ARCHS = "$(inherited)";
				WARNING_CFLAGS = "";
			};
			name = Release;
		};
		F19102BB1D141E4B005C2F09 /* Debug */ = {
			isa = XCBuildConfiguration;
			buildSettings = {
				CLANG_ANALYZER_NONNULL = YES;
				CLANG_CXX_LANGUAGE_STANDARD = "gnu++0x";
				CLANG_ENABLE_MODULES = YES;
				CLANG_ENABLE_OBJC_ARC = YES;
				CLANG_WARN_BOOL_CONVERSION = YES;
				CLANG_WARN_DIRECT_OBJC_ISA_USAGE = YES_ERROR;
				CLANG_WARN_OBJC_ROOT_CLASS = YES_ERROR;
				CLANG_WARN_UNREACHABLE_CODE = YES;
				CODE_SIGN_IDENTITY = "iPhone Developer";
				COMBINE_HIDPI_IMAGES = YES;
				CURRENT_PROJECT_VERSION = 1;
				DEBUG_INFORMATION_FORMAT = dwarf;
				DEFINES_MODULE = YES;
				DYLIB_COMPATIBILITY_VERSION = 1;
				DYLIB_CURRENT_VERSION = 1;
				DYLIB_INSTALL_NAME_BASE = "@rpath";
				ENABLE_BITCODE = NO;
				ENABLE_STRICT_OBJC_MSGSEND = YES;
				FRAMEWORK_VERSION = A;
				GCC_C_LANGUAGE_STANDARD = gnu99;
				GCC_NO_COMMON_BLOCKS = YES;
				GCC_TREAT_WARNINGS_AS_ERRORS = YES;
				GCC_WARN_64_TO_32_BIT_CONVERSION = YES;
				GCC_WARN_ABOUT_RETURN_TYPE = YES_ERROR;
				GCC_WARN_UNDECLARED_SELECTOR = YES;
				GCC_WARN_UNINITIALIZED_AUTOS = YES_AGGRESSIVE;
				GCC_WARN_UNUSED_FUNCTION = YES;
				INFOPLIST_FILE = AppleGuiceWrapper/Info.plist;
				INSTALL_PATH = "$(LOCAL_LIBRARY_DIR)/Frameworks";
				IPHONEOS_DEPLOYMENT_TARGET = 8.0;
				LD_RUNPATH_SEARCH_PATHS = "$(inherited) @executable_path/../Frameworks @loader_path/Frameworks";
				LIBRARY_SEARCH_PATHS = /Applications/Xcode.app/Contents/Developer/Toolchains/XcodeDefault.xctoolchain/usr/include;
				MACOSX_DEPLOYMENT_TARGET = 10.11;
				MTL_ENABLE_DEBUG_INFO = YES;
				PRODUCT_BUNDLE_IDENTIFIER = com.appleguice.AppleGuiceWrapper;
				PRODUCT_NAME = "$(TARGET_NAME)";
				SDKROOT = iphoneos;
				SKIP_INSTALL = YES;
				VERSIONING_SYSTEM = "apple-generic";
				VERSION_INFO_PREFIX = "";
			};
			name = Debug;
		};
		F19102BC1D141E4B005C2F09 /* Release */ = {
			isa = XCBuildConfiguration;
			buildSettings = {
				CLANG_ANALYZER_NONNULL = YES;
				CLANG_CXX_LANGUAGE_STANDARD = "gnu++0x";
				CLANG_ENABLE_MODULES = YES;
				CLANG_ENABLE_OBJC_ARC = YES;
				CLANG_WARN_BOOL_CONVERSION = YES;
				CLANG_WARN_DIRECT_OBJC_ISA_USAGE = YES_ERROR;
				CLANG_WARN_OBJC_ROOT_CLASS = YES_ERROR;
				CLANG_WARN_UNREACHABLE_CODE = YES;
				CODE_SIGN_IDENTITY = "iPhone Distribution";
				COMBINE_HIDPI_IMAGES = YES;
				COPY_PHASE_STRIP = NO;
				CURRENT_PROJECT_VERSION = 1;
				DEBUG_INFORMATION_FORMAT = "dwarf-with-dsym";
				DEFINES_MODULE = YES;
				DYLIB_COMPATIBILITY_VERSION = 1;
				DYLIB_CURRENT_VERSION = 1;
				DYLIB_INSTALL_NAME_BASE = "@rpath";
				ENABLE_BITCODE = NO;
				ENABLE_NS_ASSERTIONS = NO;
				ENABLE_STRICT_OBJC_MSGSEND = YES;
				FRAMEWORK_VERSION = A;
				GCC_C_LANGUAGE_STANDARD = gnu99;
				GCC_NO_COMMON_BLOCKS = YES;
				GCC_TREAT_WARNINGS_AS_ERRORS = YES;
				GCC_WARN_64_TO_32_BIT_CONVERSION = YES;
				GCC_WARN_ABOUT_RETURN_TYPE = YES_ERROR;
				GCC_WARN_UNDECLARED_SELECTOR = YES;
				GCC_WARN_UNINITIALIZED_AUTOS = YES_AGGRESSIVE;
				GCC_WARN_UNUSED_FUNCTION = YES;
				INFOPLIST_FILE = AppleGuiceWrapper/Info.plist;
				INSTALL_PATH = "$(LOCAL_LIBRARY_DIR)/Frameworks";
				IPHONEOS_DEPLOYMENT_TARGET = 8.0;
				LD_RUNPATH_SEARCH_PATHS = "$(inherited) @executable_path/../Frameworks @loader_path/Frameworks";
				LIBRARY_SEARCH_PATHS = /Applications/Xcode.app/Contents/Developer/Toolchains/XcodeDefault.xctoolchain/usr/include;
				MACOSX_DEPLOYMENT_TARGET = 10.11;
				MTL_ENABLE_DEBUG_INFO = NO;
				PRODUCT_BUNDLE_IDENTIFIER = com.appleguice.AppleGuiceWrapper;
				PRODUCT_NAME = "$(TARGET_NAME)";
				SDKROOT = iphoneos;
				SKIP_INSTALL = YES;
				VERSIONING_SYSTEM = "apple-generic";
				VERSION_INFO_PREFIX = "";
			};
			name = Release;
		};
		F1CF54E71FD80A12004DF674 /* Debug */ = {
			isa = XCBuildConfiguration;
			buildSettings = {
				CLANG_ANALYZER_NONNULL = YES;
				CLANG_ANALYZER_NUMBER_OBJECT_CONVERSION = YES_AGGRESSIVE;
				CLANG_CXX_LANGUAGE_STANDARD = "gnu++14";
				CLANG_ENABLE_MODULES = YES;
				CLANG_ENABLE_OBJC_ARC = YES;
				CLANG_WARN_BLOCK_CAPTURE_AUTORELEASING = YES;
				CLANG_WARN_BOOL_CONVERSION = YES;
				CLANG_WARN_COMMA = YES;
				CLANG_WARN_DIRECT_OBJC_ISA_USAGE = YES_ERROR;
				CLANG_WARN_DOCUMENTATION_COMMENTS = YES;
				CLANG_WARN_INFINITE_RECURSION = YES;
				CLANG_WARN_NON_LITERAL_NULL_CONVERSION = YES;
				CLANG_WARN_OBJC_LITERAL_CONVERSION = YES;
				CLANG_WARN_OBJC_ROOT_CLASS = YES_ERROR;
				CLANG_WARN_RANGE_LOOP_ANALYSIS = YES;
				CLANG_WARN_STRICT_PROTOTYPES = YES;
				CLANG_WARN_SUSPICIOUS_MOVE = YES;
				CLANG_WARN_UNGUARDED_AVAILABILITY = YES_AGGRESSIVE;
				CLANG_WARN_UNREACHABLE_CODE = YES;
				CODE_SIGN_IDENTITY = "-";
				CODE_SIGN_STYLE = Automatic;
				DEBUG_INFORMATION_FORMAT = dwarf;
				ENABLE_STRICT_OBJC_MSGSEND = YES;
				GCC_C_LANGUAGE_STANDARD = gnu11;
				GCC_NO_COMMON_BLOCKS = YES;
				GCC_WARN_64_TO_32_BIT_CONVERSION = YES;
				GCC_WARN_ABOUT_RETURN_TYPE = YES_ERROR;
				GCC_WARN_UNDECLARED_SELECTOR = YES;
				GCC_WARN_UNINITIALIZED_AUTOS = YES_AGGRESSIVE;
				GCC_WARN_UNUSED_FUNCTION = YES;
				MACOSX_DEPLOYMENT_TARGET = 10.12;
				MTL_ENABLE_DEBUG_INFO = YES;
				PRODUCT_NAME = "$(TARGET_NAME)";
				SDKROOT = macosx;
			};
			name = Debug;
		};
		F1CF54E81FD80A12004DF674 /* Release */ = {
			isa = XCBuildConfiguration;
			buildSettings = {
				CLANG_ANALYZER_NONNULL = YES;
				CLANG_ANALYZER_NUMBER_OBJECT_CONVERSION = YES_AGGRESSIVE;
				CLANG_CXX_LANGUAGE_STANDARD = "gnu++14";
				CLANG_ENABLE_MODULES = YES;
				CLANG_ENABLE_OBJC_ARC = YES;
				CLANG_WARN_BLOCK_CAPTURE_AUTORELEASING = YES;
				CLANG_WARN_BOOL_CONVERSION = YES;
				CLANG_WARN_COMMA = YES;
				CLANG_WARN_DIRECT_OBJC_ISA_USAGE = YES_ERROR;
				CLANG_WARN_DOCUMENTATION_COMMENTS = YES;
				CLANG_WARN_INFINITE_RECURSION = YES;
				CLANG_WARN_NON_LITERAL_NULL_CONVERSION = YES;
				CLANG_WARN_OBJC_LITERAL_CONVERSION = YES;
				CLANG_WARN_OBJC_ROOT_CLASS = YES_ERROR;
				CLANG_WARN_RANGE_LOOP_ANALYSIS = YES;
				CLANG_WARN_STRICT_PROTOTYPES = YES;
				CLANG_WARN_SUSPICIOUS_MOVE = YES;
				CLANG_WARN_UNGUARDED_AVAILABILITY = YES_AGGRESSIVE;
				CLANG_WARN_UNREACHABLE_CODE = YES;
				CODE_SIGN_IDENTITY = "-";
				CODE_SIGN_STYLE = Automatic;
				COPY_PHASE_STRIP = NO;
				DEBUG_INFORMATION_FORMAT = "dwarf-with-dsym";
				ENABLE_NS_ASSERTIONS = NO;
				ENABLE_STRICT_OBJC_MSGSEND = YES;
				GCC_C_LANGUAGE_STANDARD = gnu11;
				GCC_NO_COMMON_BLOCKS = YES;
				GCC_WARN_64_TO_32_BIT_CONVERSION = YES;
				GCC_WARN_ABOUT_RETURN_TYPE = YES_ERROR;
				GCC_WARN_UNDECLARED_SELECTOR = YES;
				GCC_WARN_UNINITIALIZED_AUTOS = YES_AGGRESSIVE;
				GCC_WARN_UNUSED_FUNCTION = YES;
				MACOSX_DEPLOYMENT_TARGET = 10.12;
				MTL_ENABLE_DEBUG_INFO = NO;
				PRODUCT_NAME = "$(TARGET_NAME)";
				SDKROOT = macosx;
			};
			name = Release;
		};
/* End XCBuildConfiguration section */

/* Begin XCConfigurationList section */
		F112424D1FD833A800A276F8 /* Build configuration list for PBXNativeTarget "BootstrapperTests" */ = {
			isa = XCConfigurationList;
			buildConfigurations = (
				F112424E1FD833A800A276F8 /* Debug */,
				F112424F1FD833A800A276F8 /* Release */,
			);
			defaultConfigurationIsVisible = 0;
			defaultConfigurationName = Release;
		};
		F133DA7518D0BCE40050864F /* Build configuration list for PBXNativeTarget "AppleGuiceUnitTests" */ = {
			isa = XCConfigurationList;
			buildConfigurations = (
				F133DA7318D0BCE40050864F /* Debug */,
				F133DA7418D0BCE40050864F /* Release */,
			);
			defaultConfigurationIsVisible = 0;
			defaultConfigurationName = Release;
		};
		F18E721D16F9135C000BD3CB /* Build configuration list for PBXProject "AppleGuice" */ = {
			isa = XCConfigurationList;
			buildConfigurations = (
				F18E724516F9135C000BD3CB /* Debug */,
				F18E724616F9135C000BD3CB /* Release */,
			);
			defaultConfigurationIsVisible = 0;
			defaultConfigurationName = Release;
		};
		F18E724716F9135C000BD3CB /* Build configuration list for PBXNativeTarget "AppleGuice" */ = {
			isa = XCConfigurationList;
			buildConfigurations = (
				F18E724816F9135C000BD3CB /* Debug */,
				F18E724916F9135C000BD3CB /* Release */,
			);
			defaultConfigurationIsVisible = 0;
			defaultConfigurationName = Release;
		};
		F19102BF1D141E4B005C2F09 /* Build configuration list for PBXNativeTarget "AppleGuiceWrapper" */ = {
			isa = XCConfigurationList;
			buildConfigurations = (
				F19102BB1D141E4B005C2F09 /* Debug */,
				F19102BC1D141E4B005C2F09 /* Release */,
			);
			defaultConfigurationIsVisible = 0;
			defaultConfigurationName = Release;
		};
		F1CF54E91FD80A12004DF674 /* Build configuration list for PBXNativeTarget "Bootstrapper" */ = {
			isa = XCConfigurationList;
			buildConfigurations = (
				F1CF54E71FD80A12004DF674 /* Debug */,
				F1CF54E81FD80A12004DF674 /* Release */,
			);
			defaultConfigurationIsVisible = 0;
			defaultConfigurationName = Release;
		};
/* End XCConfigurationList section */
	};
	rootObject = F18E721A16F9135C000BD3CB /* Project object */;
}
