// !$*UTF8*$!
{
	archiveVersion = 1;
	classes = {
	};
	objectVersion = 46;
	objects = {

/* Begin PBXBuildFile section */
		3B0B2F8529754A7BA2AE2627 /* libPods-AppleGuiceUnitTests.a in Frameworks */ = {isa = PBXBuildFile; fileRef = 392C9521977347E6A8A05659 /* libPods-AppleGuiceUnitTests.a */; };
		696C18D4C34FD833E551D9FC /* AppleGuiceInstanceCreator.m in Sources */ = {isa = PBXBuildFile; fileRef = 696C132EABBD3AA90781B1C5 /* AppleGuiceInstanceCreator.m */; };
		F10934CF18EAF4E000687DD1 /* AppleGuiceTypedDictionary.h in Headers */ = {isa = PBXBuildFile; fileRef = F10934CD18EAF4E000687DD1 /* AppleGuiceTypedDictionary.h */; };
		F133DA6418D0BCE40050864F /* XCTest.framework in Frameworks */ = {isa = PBXBuildFile; fileRef = F133DA6318D0BCE40050864F /* XCTest.framework */; };
		F133DA6518D0BCE40050864F /* Foundation.framework in Frameworks */ = {isa = PBXBuildFile; fileRef = F18E722516F9135C000BD3CB /* Foundation.framework */; };
		F133DA6718D0BCE40050864F /* UIKit.framework in Frameworks */ = {isa = PBXBuildFile; fileRef = F133DA6618D0BCE40050864F /* UIKit.framework */; };
		F133DA6D18D0BCE40050864F /* InfoPlist.strings in Resources */ = {isa = PBXBuildFile; fileRef = F133DA6B18D0BCE40050864F /* InfoPlist.strings */; };
		F133DA7618D0BCEC0050864F /* libAppleGuice.a in Frameworks */ = {isa = PBXBuildFile; fileRef = F18E722216F9135C000BD3CB /* libAppleGuice.a */; };
		F133DA7A18D0BD570050864F /* AppleGuiceBindingBootstrapper.m in Sources */ = {isa = PBXBuildFile; fileRef = F133DA7918D0BD570050864F /* AppleGuiceBindingBootstrapper.m */; };
		F133DA8218D0BE130050864F /* TestBase.m in Sources */ = {isa = PBXBuildFile; fileRef = F133DA8118D0BE130050864F /* TestBase.m */; };
		F133DA8F18D0BE2A0050864F /* AppleGuiceAutoInjectorTests.m in Sources */ = {isa = PBXBuildFile; fileRef = F133DA8418D0BE2A0050864F /* AppleGuiceAutoInjectorTests.m */; };
		F133DA9018D0BE2A0050864F /* AppleGuiceBindingServiceTests.m in Sources */ = {isa = PBXBuildFile; fileRef = F133DA8618D0BE2A0050864F /* AppleGuiceBindingServiceTests.m */; };
		F133DA9118D0BE2A0050864F /* AppleGuiceInjectorTests.m in Sources */ = {isa = PBXBuildFile; fileRef = F133DA8818D0BE2A0050864F /* AppleGuiceInjectorTests.m */; };
		F133DA9218D0BE2A0050864F /* AppleGuiceInstanceCreatorTests.m in Sources */ = {isa = PBXBuildFile; fileRef = F133DA8A18D0BE2A0050864F /* AppleGuiceInstanceCreatorTests.m */; };
		F133DA9318D0BE2A0050864F /* AppleGuiceProtocolLocatorTests.m in Sources */ = {isa = PBXBuildFile; fileRef = F133DA8C18D0BE2A0050864F /* AppleGuiceProtocolLocatorTests.m */; };
		F133DA9418D0BE2A0050864F /* AppleGuiceSanity.m in Sources */ = {isa = PBXBuildFile; fileRef = F133DA8E18D0BE2A0050864F /* AppleGuiceSanity.m */; };
		F14FF19218EC05E800222D4F /* AppleGuiceProtocolToClassMapper.h in Headers */ = {isa = PBXBuildFile; fileRef = F14FF19018EC05E800222D4F /* AppleGuiceProtocolToClassMapper.h */; };
		F14FF19318EC05E800222D4F /* AppleGuiceProtocolToClassMapper.mm in Sources */ = {isa = PBXBuildFile; fileRef = F14FF19118EC05E800222D4F /* AppleGuiceProtocolToClassMapper.mm */; };
		F14FF19618EC2F1C00222D4F /* AppleGuiceBindingService.h in Headers */ = {isa = PBXBuildFile; fileRef = F14FF19418EC2F1C00222D4F /* AppleGuiceBindingService.h */; };
		F14FF19718EC2F1C00222D4F /* AppleGuiceBindingService.m in Sources */ = {isa = PBXBuildFile; fileRef = F14FF19518EC2F1C00222D4F /* AppleGuiceBindingService.m */; };
		F14FF19B18EC2F7400222D4F /* AppleGuiceClassGenerator.h in Headers */ = {isa = PBXBuildFile; fileRef = F14FF19818EC2F7400222D4F /* AppleGuiceClassGenerator.h */; };
		F14FF19C18EC2F7400222D4F /* AppleGuiceClassGenerator.m in Sources */ = {isa = PBXBuildFile; fileRef = F14FF19918EC2F7400222D4F /* AppleGuiceClassGenerator.m */; };
		F14FF19D18EC2F7400222D4F /* AppleGuiceClassGeneratorProtocol.h in Headers */ = {isa = PBXBuildFile; fileRef = F14FF19A18EC2F7400222D4F /* AppleGuiceClassGeneratorProtocol.h */; };
		F150E875170C57B900938549 /* AppleGuice.h in Headers */ = {isa = PBXBuildFile; fileRef = F172DD1416F9141300BA754E /* AppleGuice.h */; settings = {ATTRIBUTES = (Public, ); }; };
		F150E876170C57B900938549 /* AppleGuiceInjectable.h in Headers */ = {isa = PBXBuildFile; fileRef = F172DD1C16F9141300BA754E /* AppleGuiceInjectable.h */; };
		F150E877170C57B900938549 /* AppleGuiceSingleton.h in Headers */ = {isa = PBXBuildFile; fileRef = F11BE113170432DE00E71B99 /* AppleGuiceSingleton.h */; };
		F150E879170C57B900938549 /* AppleGuiceBindingBootstrapperProtocol.h in Headers */ = {isa = PBXBuildFile; fileRef = F172DD5616F9159200BA754E /* AppleGuiceBindingBootstrapperProtocol.h */; };
		F150E87A170C57B900938549 /* AppleGuiceAutoInjector.h in Headers */ = {isa = PBXBuildFile; fileRef = F172DD1616F9141300BA754E /* AppleGuiceAutoInjector.h */; };
		F150E87B170C57B900938549 /* AppleGuiceAutoInjectorProtocol.h in Headers */ = {isa = PBXBuildFile; fileRef = F172DD1816F9141300BA754E /* AppleGuiceAutoInjectorProtocol.h */; };
		F150E87D170C57B900938549 /* AppleGuiceBindingServiceProtocol.h in Headers */ = {isa = PBXBuildFile; fileRef = F172DD1B16F9141300BA754E /* AppleGuiceBindingServiceProtocol.h */; };
		F150E87E170C57B900938549 /* AppleGuiceInjectableImplementationNotFoundException.h in Headers */ = {isa = PBXBuildFile; fileRef = F172DD1D16F9141300BA754E /* AppleGuiceInjectableImplementationNotFoundException.h */; };
		F150E87F170C57B900938549 /* AppleGuiceInjector.h in Headers */ = {isa = PBXBuildFile; fileRef = F172DD1F16F9141300BA754E /* AppleGuiceInjector.h */; };
		F150E880170C57B900938549 /* AppleGuiceInjectorProtocol.h in Headers */ = {isa = PBXBuildFile; fileRef = F172DD2116F9141300BA754E /* AppleGuiceInjectorProtocol.h */; };
		F150E881170C57B900938549 /* AppleGuiceInstanceCreatorProtocol.h in Headers */ = {isa = PBXBuildFile; fileRef = 696C1AFB2DB967C5ECCA9957 /* AppleGuiceInstanceCreatorProtocol.h */; };
		F150E882170C57B900938549 /* AppleGuiceInstanceCreator.h in Headers */ = {isa = PBXBuildFile; fileRef = 696C1E88F5F8FC4C3E9F8540 /* AppleGuiceInstanceCreator.h */; };
		F150E883170C57B900938549 /* AppleGuiceInvocationProxy.h in Headers */ = {isa = PBXBuildFile; fileRef = F172DD2216F9141300BA754E /* AppleGuiceInvocationProxy.h */; };
		F150E884170C57B900938549 /* AppleGuiceMacros.h in Headers */ = {isa = PBXBuildFile; fileRef = F172DD2416F9141300BA754E /* AppleGuiceMacros.h */; };
		F150E885170C57B900938549 /* AppleGuiceProtocolLocator.h in Headers */ = {isa = PBXBuildFile; fileRef = F172DD2516F9141300BA754E /* AppleGuiceProtocolLocator.h */; };
		F150E886170C57B900938549 /* AppleGuiceProtocolLocatorProtocol.h in Headers */ = {isa = PBXBuildFile; fileRef = F172DD2716F9141300BA754E /* AppleGuiceProtocolLocatorProtocol.h */; };
		F150E887170C57B900938549 /* AppleGuiceSettingsProvider.h in Headers */ = {isa = PBXBuildFile; fileRef = F172DD2816F9141300BA754E /* AppleGuiceSettingsProvider.h */; };
		F150E888170C57B900938549 /* AppleGuiceSettingsProviderProtocol.h in Headers */ = {isa = PBXBuildFile; fileRef = F172DD2A16F9141300BA754E /* AppleGuiceSettingsProviderProtocol.h */; };
		F150E889170C57B900938549 /* AppleGuiceSingletonRepository.h in Headers */ = {isa = PBXBuildFile; fileRef = F172DD2B16F9141300BA754E /* AppleGuiceSingletonRepository.h */; };
		F150E88A170C57B900938549 /* AppleGuiceSingletonRepositoryProtocol.h in Headers */ = {isa = PBXBuildFile; fileRef = F172DD2D16F9141300BA754E /* AppleGuiceSingletonRepositoryProtocol.h */; };
		F150E88C170C57B900938549 /* NSObject+AppleGuice.h in Headers */ = {isa = PBXBuildFile; fileRef = F162136316F9D95C00563E38 /* NSObject+AppleGuice.h */; };
		F159661418B6111B0041E6E5 /* AppleGuiceOptional.h in Headers */ = {isa = PBXBuildFile; fileRef = F159661318B6111B0041E6E5 /* AppleGuiceOptional.h */; };
		F162136516F9D95C00563E38 /* NSObject+AppleGuice.m in Sources */ = {isa = PBXBuildFile; fileRef = F162136416F9D95C00563E38 /* NSObject+AppleGuice.m */; };
		F172DD3516F9141300BA754E /* AppleGuice.m in Sources */ = {isa = PBXBuildFile; fileRef = F172DD1516F9141300BA754E /* AppleGuice.m */; };
		F172DD3716F9141300BA754E /* AppleGuiceAutoInjector.m in Sources */ = {isa = PBXBuildFile; fileRef = F172DD1716F9141300BA754E /* AppleGuiceAutoInjector.m */; };
		F172DD3B16F9141300BA754E /* AppleGuiceInjectableImplementationNotFoundException.m in Sources */ = {isa = PBXBuildFile; fileRef = F172DD1E16F9141300BA754E /* AppleGuiceInjectableImplementationNotFoundException.m */; };
		F172DD3D16F9141300BA754E /* AppleGuiceInjector.m in Sources */ = {isa = PBXBuildFile; fileRef = F172DD2016F9141300BA754E /* AppleGuiceInjector.m */; };
		F172DD3F16F9141300BA754E /* AppleGuiceInvocationProxy.m in Sources */ = {isa = PBXBuildFile; fileRef = F172DD2316F9141300BA754E /* AppleGuiceInvocationProxy.m */; };
		F172DD4116F9141300BA754E /* AppleGuiceProtocolLocator.m in Sources */ = {isa = PBXBuildFile; fileRef = F172DD2616F9141300BA754E /* AppleGuiceProtocolLocator.m */; };
		F172DD4316F9141300BA754E /* AppleGuiceSettingsProvider.m in Sources */ = {isa = PBXBuildFile; fileRef = F172DD2916F9141300BA754E /* AppleGuiceSettingsProvider.m */; };
		F172DD4516F9141300BA754E /* AppleGuiceSingletonRepository.mm in Sources */ = {isa = PBXBuildFile; fileRef = F172DD2C16F9141300BA754E /* AppleGuiceSingletonRepository.mm */; };
		F1777745191B85B2008CFEFD /* AppleGuiceClassGeneratorTests.m in Sources */ = {isa = PBXBuildFile; fileRef = F1777744191B85B2008CFEFD /* AppleGuiceClassGeneratorTests.m */; };
		F1777747191B94C6008CFEFD /* AppleGuiceProtocolToClassMapperTests.m in Sources */ = {isa = PBXBuildFile; fileRef = F1777746191B94C6008CFEFD /* AppleGuiceProtocolToClassMapperTests.m */; };
		F18E722616F9135C000BD3CB /* Foundation.framework in Frameworks */ = {isa = PBXBuildFile; fileRef = F18E722516F9135C000BD3CB /* Foundation.framework */; };
		F1E33BE11A24810E0083660E /* AppleGuiceMockProviderProtocol.h in Headers */ = {isa = PBXBuildFile; fileRef = F1E33BDE1A24810E0083660E /* AppleGuiceMockProviderProtocol.h */; };
		F1E33BE21A24810E0083660E /* AppleGuiceOCMockMockProvider.h in Headers */ = {isa = PBXBuildFile; fileRef = F1E33BDF1A24810E0083660E /* AppleGuiceOCMockMockProvider.h */; };
		F1E33BE31A24810E0083660E /* AppleGuiceOCMockMockProvider.m in Sources */ = {isa = PBXBuildFile; fileRef = F1E33BE01A24810E0083660E /* AppleGuiceOCMockMockProvider.m */; };
		F1E33BEA1A2482560083660E /* AppleGuiceMockProvider.h in Headers */ = {isa = PBXBuildFile; fileRef = F1E33BE81A2482560083660E /* AppleGuiceMockProvider.h */; };
		F1E33BEB1A2482560083660E /* AppleGuiceMockProvider.m in Sources */ = {isa = PBXBuildFile; fileRef = F1E33BE91A2482560083660E /* AppleGuiceMockProvider.m */; };
		F1E33BEE1A2490ED0083660E /* AppleGuiceOCMockitoMockProvider.h in Headers */ = {isa = PBXBuildFile; fileRef = F1E33BEC1A2490ED0083660E /* AppleGuiceOCMockitoMockProvider.h */; };
		F1E33BEF1A2490ED0083660E /* AppleGuiceOCMockitoMockProvider.m in Sources */ = {isa = PBXBuildFile; fileRef = F1E33BED1A2490ED0083660E /* AppleGuiceOCMockitoMockProvider.m */; };
		F1E33BF21A2495340083660E /* AppleGuiceMockProviderSelectorService.h in Headers */ = {isa = PBXBuildFile; fileRef = F1E33BF01A2495340083660E /* AppleGuiceMockProviderSelectorService.h */; };
		F1E33BF31A2495340083660E /* AppleGuiceMockProviderSelectorService.m in Sources */ = {isa = PBXBuildFile; fileRef = F1E33BF11A2495340083660E /* AppleGuiceMockProviderSelectorService.m */; };
		F1E33BF51A2495850083660E /* AppleGuiceMockProviderSelectorServiceProtocol.h in Headers */ = {isa = PBXBuildFile; fileRef = F1E33BF41A2495850083660E /* AppleGuiceMockProviderSelectorServiceProtocol.h */; };
		F1FEDFB918D7A7740006D3B4 /* AppleGuiceSingletonRepositoryTests.m in Sources */ = {isa = PBXBuildFile; fileRef = F1FEDFB818D7A7740006D3B4 /* AppleGuiceSingletonRepositoryTests.m */; };
/* End PBXBuildFile section */

/* Begin PBXContainerItemProxy section */
		F133DA7118D0BCE40050864F /* PBXContainerItemProxy */ = {
			isa = PBXContainerItemProxy;
			containerPortal = F18E721A16F9135C000BD3CB /* Project object */;
			proxyType = 1;
			remoteGlobalIDString = F18E722116F9135C000BD3CB;
			remoteInfo = AppleGuice;
		};
/* End PBXContainerItemProxy section */

/* Begin PBXFileReference section */
		392C9521977347E6A8A05659 /* libPods-AppleGuiceUnitTests.a */ = {isa = PBXFileReference; explicitFileType = archive.ar; includeInIndex = 0; path = "libPods-AppleGuiceUnitTests.a"; sourceTree = BUILT_PRODUCTS_DIR; };
		696C132EABBD3AA90781B1C5 /* AppleGuiceInstanceCreator.m */ = {isa = PBXFileReference; fileEncoding = 4; lastKnownFileType = sourcecode.c.objc; path = AppleGuiceInstanceCreator.m; sourceTree = "<group>"; };
		696C1AFB2DB967C5ECCA9957 /* AppleGuiceInstanceCreatorProtocol.h */ = {isa = PBXFileReference; fileEncoding = 4; lastKnownFileType = sourcecode.c.h; path = AppleGuiceInstanceCreatorProtocol.h; sourceTree = "<group>"; };
		696C1E88F5F8FC4C3E9F8540 /* AppleGuiceInstanceCreator.h */ = {isa = PBXFileReference; fileEncoding = 4; lastKnownFileType = sourcecode.c.h; path = AppleGuiceInstanceCreator.h; sourceTree = "<group>"; };
		81FBD0AD1F8ED221E1DC8101 /* Pods-AppleGuiceUnitTests.debug.xcconfig */ = {isa = PBXFileReference; includeInIndex = 1; lastKnownFileType = text.xcconfig; name = "Pods-AppleGuiceUnitTests.debug.xcconfig"; path = "Pods/Target Support Files/Pods-AppleGuiceUnitTests/Pods-AppleGuiceUnitTests.debug.xcconfig"; sourceTree = "<group>"; };
		84973227AA693E29CBA3DE6C /* Pods-AppleGuiceUnitTests.release.xcconfig */ = {isa = PBXFileReference; includeInIndex = 1; lastKnownFileType = text.xcconfig; name = "Pods-AppleGuiceUnitTests.release.xcconfig"; path = "Pods/Target Support Files/Pods-AppleGuiceUnitTests/Pods-AppleGuiceUnitTests.release.xcconfig"; sourceTree = "<group>"; };
		F10934CD18EAF4E000687DD1 /* AppleGuiceTypedDictionary.h */ = {isa = PBXFileReference; fileEncoding = 4; lastKnownFileType = sourcecode.c.h; path = AppleGuiceTypedDictionary.h; sourceTree = "<group>"; };
		F11BE113170432DE00E71B99 /* AppleGuiceSingleton.h */ = {isa = PBXFileReference; fileEncoding = 4; lastKnownFileType = sourcecode.c.h; path = AppleGuiceSingleton.h; sourceTree = "<group>"; };
		F133DA6218D0BCE40050864F /* AppleGuiceUnitTests.xctest */ = {isa = PBXFileReference; explicitFileType = wrapper.cfbundle; includeInIndex = 0; path = AppleGuiceUnitTests.xctest; sourceTree = BUILT_PRODUCTS_DIR; };
		F133DA6318D0BCE40050864F /* XCTest.framework */ = {isa = PBXFileReference; lastKnownFileType = wrapper.framework; name = XCTest.framework; path = Library/Frameworks/XCTest.framework; sourceTree = DEVELOPER_DIR; };
		F133DA6618D0BCE40050864F /* UIKit.framework */ = {isa = PBXFileReference; lastKnownFileType = wrapper.framework; name = UIKit.framework; path = Library/Frameworks/UIKit.framework; sourceTree = DEVELOPER_DIR; };
		F133DA6A18D0BCE40050864F /* AppleGuiceUnitTests-Info.plist */ = {isa = PBXFileReference; lastKnownFileType = text.plist.xml; path = "AppleGuiceUnitTests-Info.plist"; sourceTree = "<group>"; };
		F133DA6C18D0BCE40050864F /* en */ = {isa = PBXFileReference; lastKnownFileType = text.plist.strings; name = en; path = en.lproj/InfoPlist.strings; sourceTree = "<group>"; };
		F133DA7018D0BCE40050864F /* AppleGuiceUnitTests-Prefix.pch */ = {isa = PBXFileReference; lastKnownFileType = sourcecode.c.h; path = "AppleGuiceUnitTests-Prefix.pch"; sourceTree = "<group>"; };
		F133DA7818D0BD570050864F /* AppleGuiceBindingBootstrapper.h */ = {isa = PBXFileReference; fileEncoding = 4; lastKnownFileType = sourcecode.c.h; path = AppleGuiceBindingBootstrapper.h; sourceTree = "<group>"; };
		F133DA7918D0BD570050864F /* AppleGuiceBindingBootstrapper.m */ = {isa = PBXFileReference; fileEncoding = 4; lastKnownFileType = sourcecode.c.objc; path = AppleGuiceBindingBootstrapper.m; sourceTree = "<group>"; };
		F133DA8018D0BE130050864F /* TestBase.h */ = {isa = PBXFileReference; fileEncoding = 4; lastKnownFileType = sourcecode.c.h; path = TestBase.h; sourceTree = "<group>"; };
		F133DA8118D0BE130050864F /* TestBase.m */ = {isa = PBXFileReference; fileEncoding = 4; lastKnownFileType = sourcecode.c.objc; path = TestBase.m; sourceTree = "<group>"; };
		F133DA8318D0BE2A0050864F /* AppleGuiceAutoInjectorTests.h */ = {isa = PBXFileReference; fileEncoding = 4; lastKnownFileType = sourcecode.c.h; path = AppleGuiceAutoInjectorTests.h; sourceTree = "<group>"; };
		F133DA8418D0BE2A0050864F /* AppleGuiceAutoInjectorTests.m */ = {isa = PBXFileReference; fileEncoding = 4; lastKnownFileType = sourcecode.c.objc; path = AppleGuiceAutoInjectorTests.m; sourceTree = "<group>"; };
		F133DA8518D0BE2A0050864F /* AppleGuiceBindingServiceTests.h */ = {isa = PBXFileReference; fileEncoding = 4; lastKnownFileType = sourcecode.c.h; path = AppleGuiceBindingServiceTests.h; sourceTree = "<group>"; };
		F133DA8618D0BE2A0050864F /* AppleGuiceBindingServiceTests.m */ = {isa = PBXFileReference; fileEncoding = 4; lastKnownFileType = sourcecode.c.objc; path = AppleGuiceBindingServiceTests.m; sourceTree = "<group>"; };
		F133DA8718D0BE2A0050864F /* AppleGuiceInjectorTests.h */ = {isa = PBXFileReference; fileEncoding = 4; lastKnownFileType = sourcecode.c.h; path = AppleGuiceInjectorTests.h; sourceTree = "<group>"; };
		F133DA8818D0BE2A0050864F /* AppleGuiceInjectorTests.m */ = {isa = PBXFileReference; fileEncoding = 4; lastKnownFileType = sourcecode.c.objc; path = AppleGuiceInjectorTests.m; sourceTree = "<group>"; };
		F133DA8918D0BE2A0050864F /* AppleGuiceInstanceCreatorTests.h */ = {isa = PBXFileReference; fileEncoding = 4; lastKnownFileType = sourcecode.c.h; path = AppleGuiceInstanceCreatorTests.h; sourceTree = "<group>"; };
		F133DA8A18D0BE2A0050864F /* AppleGuiceInstanceCreatorTests.m */ = {isa = PBXFileReference; fileEncoding = 4; lastKnownFileType = sourcecode.c.objc; path = AppleGuiceInstanceCreatorTests.m; sourceTree = "<group>"; };
		F133DA8B18D0BE2A0050864F /* AppleGuiceProtocolLocatorTests.h */ = {isa = PBXFileReference; fileEncoding = 4; lastKnownFileType = sourcecode.c.h; path = AppleGuiceProtocolLocatorTests.h; sourceTree = "<group>"; };
		F133DA8C18D0BE2A0050864F /* AppleGuiceProtocolLocatorTests.m */ = {isa = PBXFileReference; fileEncoding = 4; lastKnownFileType = sourcecode.c.objc; path = AppleGuiceProtocolLocatorTests.m; sourceTree = "<group>"; };
		F133DA8D18D0BE2A0050864F /* AppleGuiceSanity.h */ = {isa = PBXFileReference; fileEncoding = 4; lastKnownFileType = sourcecode.c.h; path = AppleGuiceSanity.h; sourceTree = "<group>"; };
		F133DA8E18D0BE2A0050864F /* AppleGuiceSanity.m */ = {isa = PBXFileReference; fileEncoding = 4; lastKnownFileType = sourcecode.c.objc; path = AppleGuiceSanity.m; sourceTree = "<group>"; };
		F14FF19018EC05E800222D4F /* AppleGuiceProtocolToClassMapper.h */ = {isa = PBXFileReference; fileEncoding = 4; lastKnownFileType = sourcecode.c.h; path = AppleGuiceProtocolToClassMapper.h; sourceTree = "<group>"; };
		F14FF19118EC05E800222D4F /* AppleGuiceProtocolToClassMapper.mm */ = {isa = PBXFileReference; fileEncoding = 4; lastKnownFileType = sourcecode.cpp.objcpp; path = AppleGuiceProtocolToClassMapper.mm; sourceTree = "<group>"; };
		F14FF19418EC2F1C00222D4F /* AppleGuiceBindingService.h */ = {isa = PBXFileReference; fileEncoding = 4; lastKnownFileType = sourcecode.c.h; path = AppleGuiceBindingService.h; sourceTree = "<group>"; };
		F14FF19518EC2F1C00222D4F /* AppleGuiceBindingService.m */ = {isa = PBXFileReference; fileEncoding = 4; lastKnownFileType = sourcecode.c.objc; path = AppleGuiceBindingService.m; sourceTree = "<group>"; };
		F14FF19818EC2F7400222D4F /* AppleGuiceClassGenerator.h */ = {isa = PBXFileReference; fileEncoding = 4; lastKnownFileType = sourcecode.c.h; path = AppleGuiceClassGenerator.h; sourceTree = "<group>"; };
		F14FF19918EC2F7400222D4F /* AppleGuiceClassGenerator.m */ = {isa = PBXFileReference; fileEncoding = 4; lastKnownFileType = sourcecode.c.objc; path = AppleGuiceClassGenerator.m; sourceTree = "<group>"; };
		F14FF19A18EC2F7400222D4F /* AppleGuiceClassGeneratorProtocol.h */ = {isa = PBXFileReference; fileEncoding = 4; lastKnownFileType = sourcecode.c.h; path = AppleGuiceClassGeneratorProtocol.h; sourceTree = "<group>"; };
		F159661318B6111B0041E6E5 /* AppleGuiceOptional.h */ = {isa = PBXFileReference; fileEncoding = 4; lastKnownFileType = sourcecode.c.h; path = AppleGuiceOptional.h; sourceTree = "<group>"; };
		F162136316F9D95C00563E38 /* NSObject+AppleGuice.h */ = {isa = PBXFileReference; fileEncoding = 4; lastKnownFileType = sourcecode.c.h; path = "NSObject+AppleGuice.h"; sourceTree = "<group>"; };
		F162136416F9D95C00563E38 /* NSObject+AppleGuice.m */ = {isa = PBXFileReference; fileEncoding = 4; lastKnownFileType = sourcecode.c.objc; path = "NSObject+AppleGuice.m"; sourceTree = "<group>"; };
		F172DD1416F9141300BA754E /* AppleGuice.h */ = {isa = PBXFileReference; fileEncoding = 4; lastKnownFileType = sourcecode.c.h; path = AppleGuice.h; sourceTree = "<group>"; };
		F172DD1516F9141300BA754E /* AppleGuice.m */ = {isa = PBXFileReference; fileEncoding = 4; lastKnownFileType = sourcecode.c.objc; path = AppleGuice.m; sourceTree = "<group>"; };
		F172DD1616F9141300BA754E /* AppleGuiceAutoInjector.h */ = {isa = PBXFileReference; fileEncoding = 4; lastKnownFileType = sourcecode.c.h; path = AppleGuiceAutoInjector.h; sourceTree = "<group>"; };
		F172DD1716F9141300BA754E /* AppleGuiceAutoInjector.m */ = {isa = PBXFileReference; fileEncoding = 4; lastKnownFileType = sourcecode.c.objc; path = AppleGuiceAutoInjector.m; sourceTree = "<group>"; };
		F172DD1816F9141300BA754E /* AppleGuiceAutoInjectorProtocol.h */ = {isa = PBXFileReference; fileEncoding = 4; lastKnownFileType = sourcecode.c.h; path = AppleGuiceAutoInjectorProtocol.h; sourceTree = "<group>"; };
		F172DD1B16F9141300BA754E /* AppleGuiceBindingServiceProtocol.h */ = {isa = PBXFileReference; fileEncoding = 4; lastKnownFileType = sourcecode.c.h; path = AppleGuiceBindingServiceProtocol.h; sourceTree = "<group>"; };
		F172DD1C16F9141300BA754E /* AppleGuiceInjectable.h */ = {isa = PBXFileReference; fileEncoding = 4; lastKnownFileType = sourcecode.c.h; path = AppleGuiceInjectable.h; sourceTree = "<group>"; };
		F172DD1D16F9141300BA754E /* AppleGuiceInjectableImplementationNotFoundException.h */ = {isa = PBXFileReference; fileEncoding = 4; lastKnownFileType = sourcecode.c.h; path = AppleGuiceInjectableImplementationNotFoundException.h; sourceTree = "<group>"; };
		F172DD1E16F9141300BA754E /* AppleGuiceInjectableImplementationNotFoundException.m */ = {isa = PBXFileReference; fileEncoding = 4; lastKnownFileType = sourcecode.c.objc; path = AppleGuiceInjectableImplementationNotFoundException.m; sourceTree = "<group>"; };
		F172DD1F16F9141300BA754E /* AppleGuiceInjector.h */ = {isa = PBXFileReference; fileEncoding = 4; lastKnownFileType = sourcecode.c.h; path = AppleGuiceInjector.h; sourceTree = "<group>"; };
		F172DD2016F9141300BA754E /* AppleGuiceInjector.m */ = {isa = PBXFileReference; fileEncoding = 4; lastKnownFileType = sourcecode.c.objc; path = AppleGuiceInjector.m; sourceTree = "<group>"; };
		F172DD2116F9141300BA754E /* AppleGuiceInjectorProtocol.h */ = {isa = PBXFileReference; fileEncoding = 4; lastKnownFileType = sourcecode.c.h; path = AppleGuiceInjectorProtocol.h; sourceTree = "<group>"; };
		F172DD2216F9141300BA754E /* AppleGuiceInvocationProxy.h */ = {isa = PBXFileReference; fileEncoding = 4; lastKnownFileType = sourcecode.c.h; path = AppleGuiceInvocationProxy.h; sourceTree = "<group>"; };
		F172DD2316F9141300BA754E /* AppleGuiceInvocationProxy.m */ = {isa = PBXFileReference; fileEncoding = 4; lastKnownFileType = sourcecode.c.objc; path = AppleGuiceInvocationProxy.m; sourceTree = "<group>"; };
		F172DD2416F9141300BA754E /* AppleGuiceMacros.h */ = {isa = PBXFileReference; fileEncoding = 4; lastKnownFileType = sourcecode.c.h; path = AppleGuiceMacros.h; sourceTree = "<group>"; };
		F172DD2516F9141300BA754E /* AppleGuiceProtocolLocator.h */ = {isa = PBXFileReference; fileEncoding = 4; lastKnownFileType = sourcecode.c.h; path = AppleGuiceProtocolLocator.h; sourceTree = "<group>"; };
		F172DD2616F9141300BA754E /* AppleGuiceProtocolLocator.m */ = {isa = PBXFileReference; fileEncoding = 4; lastKnownFileType = sourcecode.c.objc; path = AppleGuiceProtocolLocator.m; sourceTree = "<group>"; };
		F172DD2716F9141300BA754E /* AppleGuiceProtocolLocatorProtocol.h */ = {isa = PBXFileReference; fileEncoding = 4; lastKnownFileType = sourcecode.c.h; path = AppleGuiceProtocolLocatorProtocol.h; sourceTree = "<group>"; };
		F172DD2816F9141300BA754E /* AppleGuiceSettingsProvider.h */ = {isa = PBXFileReference; fileEncoding = 4; lastKnownFileType = sourcecode.c.h; path = AppleGuiceSettingsProvider.h; sourceTree = "<group>"; };
		F172DD2916F9141300BA754E /* AppleGuiceSettingsProvider.m */ = {isa = PBXFileReference; fileEncoding = 4; lastKnownFileType = sourcecode.c.objc; path = AppleGuiceSettingsProvider.m; sourceTree = "<group>"; };
		F172DD2A16F9141300BA754E /* AppleGuiceSettingsProviderProtocol.h */ = {isa = PBXFileReference; fileEncoding = 4; lastKnownFileType = sourcecode.c.h; path = AppleGuiceSettingsProviderProtocol.h; sourceTree = "<group>"; };
		F172DD2B16F9141300BA754E /* AppleGuiceSingletonRepository.h */ = {isa = PBXFileReference; fileEncoding = 4; lastKnownFileType = sourcecode.c.h; path = AppleGuiceSingletonRepository.h; sourceTree = "<group>"; };
		F172DD2C16F9141300BA754E /* AppleGuiceSingletonRepository.mm */ = {isa = PBXFileReference; fileEncoding = 4; lastKnownFileType = sourcecode.cpp.objcpp; path = AppleGuiceSingletonRepository.mm; sourceTree = "<group>"; };
		F172DD2D16F9141300BA754E /* AppleGuiceSingletonRepositoryProtocol.h */ = {isa = PBXFileReference; fileEncoding = 4; lastKnownFileType = sourcecode.c.h; path = AppleGuiceSingletonRepositoryProtocol.h; sourceTree = "<group>"; };
		F172DD5616F9159200BA754E /* AppleGuiceBindingBootstrapperProtocol.h */ = {isa = PBXFileReference; fileEncoding = 4; lastKnownFileType = sourcecode.c.h; path = AppleGuiceBindingBootstrapperProtocol.h; sourceTree = "<group>"; };
		F1777744191B85B2008CFEFD /* AppleGuiceClassGeneratorTests.m */ = {isa = PBXFileReference; fileEncoding = 4; lastKnownFileType = sourcecode.c.objc; path = AppleGuiceClassGeneratorTests.m; sourceTree = "<group>"; };
		F1777746191B94C6008CFEFD /* AppleGuiceProtocolToClassMapperTests.m */ = {isa = PBXFileReference; fileEncoding = 4; lastKnownFileType = sourcecode.c.objc; path = AppleGuiceProtocolToClassMapperTests.m; sourceTree = "<group>"; };
		F18E722216F9135C000BD3CB /* libAppleGuice.a */ = {isa = PBXFileReference; explicitFileType = archive.ar; includeInIndex = 0; path = libAppleGuice.a; sourceTree = BUILT_PRODUCTS_DIR; };
		F18E722516F9135C000BD3CB /* Foundation.framework */ = {isa = PBXFileReference; lastKnownFileType = wrapper.framework; name = Foundation.framework; path = System/Library/Frameworks/Foundation.framework; sourceTree = SDKROOT; };
		F18E722916F9135C000BD3CB /* AppleGuice-Prefix.pch */ = {isa = PBXFileReference; lastKnownFileType = sourcecode.c.h; path = "AppleGuice-Prefix.pch"; sourceTree = "<group>"; };
		F1E33BDE1A24810E0083660E /* AppleGuiceMockProviderProtocol.h */ = {isa = PBXFileReference; fileEncoding = 4; lastKnownFileType = sourcecode.c.h; path = AppleGuiceMockProviderProtocol.h; sourceTree = "<group>"; };
		F1E33BDF1A24810E0083660E /* AppleGuiceOCMockMockProvider.h */ = {isa = PBXFileReference; fileEncoding = 4; lastKnownFileType = sourcecode.c.h; path = AppleGuiceOCMockMockProvider.h; sourceTree = "<group>"; };
		F1E33BE01A24810E0083660E /* AppleGuiceOCMockMockProvider.m */ = {isa = PBXFileReference; fileEncoding = 4; lastKnownFileType = sourcecode.c.objc; path = AppleGuiceOCMockMockProvider.m; sourceTree = "<group>"; };
		F1E33BE81A2482560083660E /* AppleGuiceMockProvider.h */ = {isa = PBXFileReference; fileEncoding = 4; lastKnownFileType = sourcecode.c.h; path = AppleGuiceMockProvider.h; sourceTree = "<group>"; };
		F1E33BE91A2482560083660E /* AppleGuiceMockProvider.m */ = {isa = PBXFileReference; fileEncoding = 4; lastKnownFileType = sourcecode.c.objc; path = AppleGuiceMockProvider.m; sourceTree = "<group>"; };
		F1E33BEC1A2490ED0083660E /* AppleGuiceOCMockitoMockProvider.h */ = {isa = PBXFileReference; fileEncoding = 4; lastKnownFileType = sourcecode.c.h; path = AppleGuiceOCMockitoMockProvider.h; sourceTree = "<group>"; };
		F1E33BED1A2490ED0083660E /* AppleGuiceOCMockitoMockProvider.m */ = {isa = PBXFileReference; fileEncoding = 4; lastKnownFileType = sourcecode.c.objc; path = AppleGuiceOCMockitoMockProvider.m; sourceTree = "<group>"; };
		F1E33BF01A2495340083660E /* AppleGuiceMockProviderSelectorService.h */ = {isa = PBXFileReference; fileEncoding = 4; lastKnownFileType = sourcecode.c.h; path = AppleGuiceMockProviderSelectorService.h; sourceTree = "<group>"; };
		F1E33BF11A2495340083660E /* AppleGuiceMockProviderSelectorService.m */ = {isa = PBXFileReference; fileEncoding = 4; lastKnownFileType = sourcecode.c.objc; path = AppleGuiceMockProviderSelectorService.m; sourceTree = "<group>"; };
		F1E33BF41A2495850083660E /* AppleGuiceMockProviderSelectorServiceProtocol.h */ = {isa = PBXFileReference; fileEncoding = 4; lastKnownFileType = sourcecode.c.h; path = AppleGuiceMockProviderSelectorServiceProtocol.h; sourceTree = "<group>"; };
		F1FEDFB718D7A7740006D3B4 /* AppleGuiceSingletonRepositoryTests.h */ = {isa = PBXFileReference; fileEncoding = 4; lastKnownFileType = sourcecode.c.h; path = AppleGuiceSingletonRepositoryTests.h; sourceTree = "<group>"; };
		F1FEDFB818D7A7740006D3B4 /* AppleGuiceSingletonRepositoryTests.m */ = {isa = PBXFileReference; fileEncoding = 4; lastKnownFileType = sourcecode.c.objc; path = AppleGuiceSingletonRepositoryTests.m; sourceTree = "<group>"; };
/* End PBXFileReference section */

/* Begin PBXFrameworksBuildPhase section */
		F133DA5F18D0BCE40050864F /* Frameworks */ = {
			isa = PBXFrameworksBuildPhase;
			buildActionMask = 2147483647;
			files = (
				F133DA7618D0BCEC0050864F /* libAppleGuice.a in Frameworks */,
				F133DA6418D0BCE40050864F /* XCTest.framework in Frameworks */,
				F133DA6718D0BCE40050864F /* UIKit.framework in Frameworks */,
				F133DA6518D0BCE40050864F /* Foundation.framework in Frameworks */,
				3B0B2F8529754A7BA2AE2627 /* libPods-AppleGuiceUnitTests.a in Frameworks */,
			);
			runOnlyForDeploymentPostprocessing = 0;
		};
		F18E721F16F9135C000BD3CB /* Frameworks */ = {
			isa = PBXFrameworksBuildPhase;
			buildActionMask = 2147483647;
			files = (
				F18E722616F9135C000BD3CB /* Foundation.framework in Frameworks */,
			);
			runOnlyForDeploymentPostprocessing = 0;
		};
/* End PBXFrameworksBuildPhase section */

/* Begin PBXGroup section */
		2E38FC3BC2078EF08A2D6812 /* Pods */ = {
			isa = PBXGroup;
			children = (
				81FBD0AD1F8ED221E1DC8101 /* Pods-AppleGuiceUnitTests.debug.xcconfig */,
				84973227AA693E29CBA3DE6C /* Pods-AppleGuiceUnitTests.release.xcconfig */,
			);
			name = Pods;
			sourceTree = "<group>";
		};
		F133DA6818D0BCE40050864F /* AppleGuiceUnitTests */ = {
			isa = PBXGroup;
			children = (
				F133DA8318D0BE2A0050864F /* AppleGuiceAutoInjectorTests.h */,
				F133DA8418D0BE2A0050864F /* AppleGuiceAutoInjectorTests.m */,
				F133DA8518D0BE2A0050864F /* AppleGuiceBindingServiceTests.h */,
				F133DA8618D0BE2A0050864F /* AppleGuiceBindingServiceTests.m */,
				F133DA8718D0BE2A0050864F /* AppleGuiceInjectorTests.h */,
				F133DA8818D0BE2A0050864F /* AppleGuiceInjectorTests.m */,
				F133DA8918D0BE2A0050864F /* AppleGuiceInstanceCreatorTests.h */,
				F133DA8A18D0BE2A0050864F /* AppleGuiceInstanceCreatorTests.m */,
				F133DA8B18D0BE2A0050864F /* AppleGuiceProtocolLocatorTests.h */,
				F133DA8C18D0BE2A0050864F /* AppleGuiceProtocolLocatorTests.m */,
				F133DA8D18D0BE2A0050864F /* AppleGuiceSanity.h */,
				F133DA8E18D0BE2A0050864F /* AppleGuiceSanity.m */,
				F1FEDFB718D7A7740006D3B4 /* AppleGuiceSingletonRepositoryTests.h */,
				F1FEDFB818D7A7740006D3B4 /* AppleGuiceSingletonRepositoryTests.m */,
				F1777744191B85B2008CFEFD /* AppleGuiceClassGeneratorTests.m */,
				F1777746191B94C6008CFEFD /* AppleGuiceProtocolToClassMapperTests.m */,
				F133DA7F18D0BDFE0050864F /* TestBase */,
				F133DA7718D0BD420050864F /* Setup */,
				F133DA6918D0BCE40050864F /* Supporting Files */,
			);
			path = AppleGuiceUnitTests;
			sourceTree = "<group>";
		};
		F133DA6918D0BCE40050864F /* Supporting Files */ = {
			isa = PBXGroup;
			children = (
				F133DA6A18D0BCE40050864F /* AppleGuiceUnitTests-Info.plist */,
				F133DA6B18D0BCE40050864F /* InfoPlist.strings */,
				F133DA7018D0BCE40050864F /* AppleGuiceUnitTests-Prefix.pch */,
			);
			name = "Supporting Files";
			sourceTree = "<group>";
		};
		F133DA7718D0BD420050864F /* Setup */ = {
			isa = PBXGroup;
			children = (
				F133DA7818D0BD570050864F /* AppleGuiceBindingBootstrapper.h */,
				F133DA7918D0BD570050864F /* AppleGuiceBindingBootstrapper.m */,
			);
			path = Setup;
			sourceTree = "<group>";
		};
		F133DA7F18D0BDFE0050864F /* TestBase */ = {
			isa = PBXGroup;
			children = (
				F133DA8018D0BE130050864F /* TestBase.h */,
				F133DA8118D0BE130050864F /* TestBase.m */,
			);
			path = TestBase;
			sourceTree = "<group>";
		};
		F14FF18D18EC058D00222D4F /* BindingService */ = {
			isa = PBXGroup;
			children = (
				F14FF19818EC2F7400222D4F /* AppleGuiceClassGenerator.h */,
				F14FF19918EC2F7400222D4F /* AppleGuiceClassGenerator.m */,
				F14FF19A18EC2F7400222D4F /* AppleGuiceClassGeneratorProtocol.h */,
				F14FF19418EC2F1C00222D4F /* AppleGuiceBindingService.h */,
				F14FF19518EC2F1C00222D4F /* AppleGuiceBindingService.m */,
				F14FF19018EC05E800222D4F /* AppleGuiceProtocolToClassMapper.h */,
				F14FF19118EC05E800222D4F /* AppleGuiceProtocolToClassMapper.mm */,
			);
			path = BindingService;
			sourceTree = "<group>";
		};
		F18E721916F9135C000BD3CB = {
			isa = PBXGroup;
			children = (
				F18E722716F9135C000BD3CB /* AppleGuice */,
				F133DA6818D0BCE40050864F /* AppleGuiceUnitTests */,
				F18E722416F9135C000BD3CB /* Frameworks */,
				F18E722316F9135C000BD3CB /* Products */,
				2E38FC3BC2078EF08A2D6812 /* Pods */,
			);
			sourceTree = "<group>";
		};
		F18E722316F9135C000BD3CB /* Products */ = {
			isa = PBXGroup;
			children = (
				F18E722216F9135C000BD3CB /* libAppleGuice.a */,
				F133DA6218D0BCE40050864F /* AppleGuiceUnitTests.xctest */,
			);
			name = Products;
			sourceTree = "<group>";
		};
		F18E722416F9135C000BD3CB /* Frameworks */ = {
			isa = PBXGroup;
			children = (
				F18E722516F9135C000BD3CB /* Foundation.framework */,
				F133DA6318D0BCE40050864F /* XCTest.framework */,
				F133DA6618D0BCE40050864F /* UIKit.framework */,
				392C9521977347E6A8A05659 /* libPods-AppleGuiceUnitTests.a */,
			);
			name = Frameworks;
			sourceTree = "<group>";
		};
		F18E722716F9135C000BD3CB /* AppleGuice */ = {
			isa = PBXGroup;
			children = (
				F1E33BDD1A2480D50083660E /* Mocking */,
				F14FF18D18EC058D00222D4F /* BindingService */,
				F172DD1416F9141300BA754E /* AppleGuice.h */,
				F172DD1516F9141300BA754E /* AppleGuice.m */,
				F172DD1C16F9141300BA754E /* AppleGuiceInjectable.h */,
				F11BE113170432DE00E71B99 /* AppleGuiceSingleton.h */,
				F172DD5616F9159200BA754E /* AppleGuiceBindingBootstrapperProtocol.h */,
				F172DD1616F9141300BA754E /* AppleGuiceAutoInjector.h */,
				F172DD1716F9141300BA754E /* AppleGuiceAutoInjector.m */,
				F172DD1816F9141300BA754E /* AppleGuiceAutoInjectorProtocol.h */,
				F172DD1B16F9141300BA754E /* AppleGuiceBindingServiceProtocol.h */,
				F172DD1D16F9141300BA754E /* AppleGuiceInjectableImplementationNotFoundException.h */,
				F172DD1E16F9141300BA754E /* AppleGuiceInjectableImplementationNotFoundException.m */,
				F172DD1F16F9141300BA754E /* AppleGuiceInjector.h */,
				F172DD2016F9141300BA754E /* AppleGuiceInjector.m */,
				F172DD2116F9141300BA754E /* AppleGuiceInjectorProtocol.h */,
				696C1AFB2DB967C5ECCA9957 /* AppleGuiceInstanceCreatorProtocol.h */,
				696C132EABBD3AA90781B1C5 /* AppleGuiceInstanceCreator.m */,
				696C1E88F5F8FC4C3E9F8540 /* AppleGuiceInstanceCreator.h */,
				F172DD2216F9141300BA754E /* AppleGuiceInvocationProxy.h */,
				F172DD2316F9141300BA754E /* AppleGuiceInvocationProxy.m */,
				F172DD2416F9141300BA754E /* AppleGuiceMacros.h */,
				F172DD2516F9141300BA754E /* AppleGuiceProtocolLocator.h */,
				F172DD2616F9141300BA754E /* AppleGuiceProtocolLocator.m */,
				F172DD2716F9141300BA754E /* AppleGuiceProtocolLocatorProtocol.h */,
				F172DD2816F9141300BA754E /* AppleGuiceSettingsProvider.h */,
				F172DD2916F9141300BA754E /* AppleGuiceSettingsProvider.m */,
				F172DD2A16F9141300BA754E /* AppleGuiceSettingsProviderProtocol.h */,
				F172DD2B16F9141300BA754E /* AppleGuiceSingletonRepository.h */,
				F172DD2C16F9141300BA754E /* AppleGuiceSingletonRepository.mm */,
				F172DD2D16F9141300BA754E /* AppleGuiceSingletonRepositoryProtocol.h */,
				F159661318B6111B0041E6E5 /* AppleGuiceOptional.h */,
				F162136316F9D95C00563E38 /* NSObject+AppleGuice.h */,
				F162136416F9D95C00563E38 /* NSObject+AppleGuice.m */,
				F10934CD18EAF4E000687DD1 /* AppleGuiceTypedDictionary.h */,
				F18E722816F9135C000BD3CB /* Supporting Files */,
			);
			path = AppleGuice;
			sourceTree = "<group>";
		};
		F18E722816F9135C000BD3CB /* Supporting Files */ = {
			isa = PBXGroup;
			children = (
				F18E722916F9135C000BD3CB /* AppleGuice-Prefix.pch */,
			);
			name = "Supporting Files";
			sourceTree = "<group>";
		};
		F1E33BDD1A2480D50083660E /* Mocking */ = {
			isa = PBXGroup;
			children = (
				F1E33BDE1A24810E0083660E /* AppleGuiceMockProviderProtocol.h */,
				F1E33BE81A2482560083660E /* AppleGuiceMockProvider.h */,
				F1E33BE91A2482560083660E /* AppleGuiceMockProvider.m */,
				F1E33BDF1A24810E0083660E /* AppleGuiceOCMockMockProvider.h */,
				F1E33BE01A24810E0083660E /* AppleGuiceOCMockMockProvider.m */,
				F1E33BEC1A2490ED0083660E /* AppleGuiceOCMockitoMockProvider.h */,
				F1E33BED1A2490ED0083660E /* AppleGuiceOCMockitoMockProvider.m */,
				F1E33BF41A2495850083660E /* AppleGuiceMockProviderSelectorServiceProtocol.h */,
				F1E33BF01A2495340083660E /* AppleGuiceMockProviderSelectorService.h */,
				F1E33BF11A2495340083660E /* AppleGuiceMockProviderSelectorService.m */,
			);
			path = Mocking;
			sourceTree = "<group>";
		};
/* End PBXGroup section */

/* Begin PBXHeadersBuildPhase section */
		F150E874170C579E00938549 /* Headers */ = {
			isa = PBXHeadersBuildPhase;
			buildActionMask = 2147483647;
			files = (
				F150E875170C57B900938549 /* AppleGuice.h in Headers */,
				F150E876170C57B900938549 /* AppleGuiceInjectable.h in Headers */,
				F10934CF18EAF4E000687DD1 /* AppleGuiceTypedDictionary.h in Headers */,
				F1E33BF21A2495340083660E /* AppleGuiceMockProviderSelectorService.h in Headers */,
				F150E877170C57B900938549 /* AppleGuiceSingleton.h in Headers */,
				F150E879170C57B900938549 /* AppleGuiceBindingBootstrapperProtocol.h in Headers */,
				F150E87A170C57B900938549 /* AppleGuiceAutoInjector.h in Headers */,
				F159661418B6111B0041E6E5 /* AppleGuiceOptional.h in Headers */,
				F150E87B170C57B900938549 /* AppleGuiceAutoInjectorProtocol.h in Headers */,
				F150E87D170C57B900938549 /* AppleGuiceBindingServiceProtocol.h in Headers */,
				F150E87E170C57B900938549 /* AppleGuiceInjectableImplementationNotFoundException.h in Headers */,
				F150E87F170C57B900938549 /* AppleGuiceInjector.h in Headers */,
				F150E880170C57B900938549 /* AppleGuiceInjectorProtocol.h in Headers */,
				F1E33BE11A24810E0083660E /* AppleGuiceMockProviderProtocol.h in Headers */,
				F150E881170C57B900938549 /* AppleGuiceInstanceCreatorProtocol.h in Headers */,
				F150E882170C57B900938549 /* AppleGuiceInstanceCreator.h in Headers */,
				F150E883170C57B900938549 /* AppleGuiceInvocationProxy.h in Headers */,
				F150E884170C57B900938549 /* AppleGuiceMacros.h in Headers */,
				F150E885170C57B900938549 /* AppleGuiceProtocolLocator.h in Headers */,
				F14FF19218EC05E800222D4F /* AppleGuiceProtocolToClassMapper.h in Headers */,
				F14FF19B18EC2F7400222D4F /* AppleGuiceClassGenerator.h in Headers */,
				F150E886170C57B900938549 /* AppleGuiceProtocolLocatorProtocol.h in Headers */,
				F14FF19618EC2F1C00222D4F /* AppleGuiceBindingService.h in Headers */,
				F1E33BEA1A2482560083660E /* AppleGuiceMockProvider.h in Headers */,
				F150E887170C57B900938549 /* AppleGuiceSettingsProvider.h in Headers */,
				F14FF19D18EC2F7400222D4F /* AppleGuiceClassGeneratorProtocol.h in Headers */,
				F1E33BF51A2495850083660E /* AppleGuiceMockProviderSelectorServiceProtocol.h in Headers */,
				F150E888170C57B900938549 /* AppleGuiceSettingsProviderProtocol.h in Headers */,
				F150E889170C57B900938549 /* AppleGuiceSingletonRepository.h in Headers */,
				F1E33BEE1A2490ED0083660E /* AppleGuiceOCMockitoMockProvider.h in Headers */,
				F1E33BE21A24810E0083660E /* AppleGuiceOCMockMockProvider.h in Headers */,
				F150E88A170C57B900938549 /* AppleGuiceSingletonRepositoryProtocol.h in Headers */,
				F150E88C170C57B900938549 /* NSObject+AppleGuice.h in Headers */,
			);
			runOnlyForDeploymentPostprocessing = 0;
		};
/* End PBXHeadersBuildPhase section */

/* Begin PBXNativeTarget section */
		F133DA6118D0BCE40050864F /* AppleGuiceUnitTests */ = {
			isa = PBXNativeTarget;
			buildConfigurationList = F133DA7518D0BCE40050864F /* Build configuration list for PBXNativeTarget "AppleGuiceUnitTests" */;
			buildPhases = (
				0AA0ABDBF39945E89FF31BB4 /* Check Pods Manifest.lock */,
				F133DA5E18D0BCE40050864F /* Sources */,
				F133DA5F18D0BCE40050864F /* Frameworks */,
				F133DA6018D0BCE40050864F /* Resources */,
				F133DA9518D0BE550050864F /* Bootstrap project */,
				96B7C4D1674F4D26B75542AB /* Copy Pods Resources */,
			);
			buildRules = (
			);
			dependencies = (
				F133DA7218D0BCE40050864F /* PBXTargetDependency */,
			);
			name = AppleGuiceUnitTests;
			productName = AppleGuiceUnitTests;
			productReference = F133DA6218D0BCE40050864F /* AppleGuiceUnitTests.xctest */;
			productType = "com.apple.product-type.bundle.unit-test";
		};
		F18E722116F9135C000BD3CB /* AppleGuice */ = {
			isa = PBXNativeTarget;
			buildConfigurationList = F18E724716F9135C000BD3CB /* Build configuration list for PBXNativeTarget "AppleGuice" */;
			buildPhases = (
				F172DD7916F924C500BA754E /* Bootstrap project */,
				F18E721E16F9135C000BD3CB /* Sources */,
				F18E721F16F9135C000BD3CB /* Frameworks */,
				F150E874170C579E00938549 /* Headers */,
			);
			buildRules = (
			);
			dependencies = (
			);
			name = AppleGuice;
			productName = AppleGuice;
			productReference = F18E722216F9135C000BD3CB /* libAppleGuice.a */;
			productType = "com.apple.product-type.library.static";
		};
/* End PBXNativeTarget section */

/* Begin PBXProject section */
		F18E721A16F9135C000BD3CB /* Project object */ = {
			isa = PBXProject;
			attributes = {
				LastUpgradeCheck = 0510;
				ORGANIZATIONNAME = "Tomer Shiri";
				TargetAttributes = {
					F133DA6118D0BCE40050864F = {
						TestTargetID = F18E722116F9135C000BD3CB;
					};
				};
			};
			buildConfigurationList = F18E721D16F9135C000BD3CB /* Build configuration list for PBXProject "AppleGuice" */;
			compatibilityVersion = "Xcode 3.2";
			developmentRegion = English;
			hasScannedForEncodings = 0;
			knownRegions = (
				en,
			);
			mainGroup = F18E721916F9135C000BD3CB;
			productRefGroup = F18E722316F9135C000BD3CB /* Products */;
			projectDirPath = "";
			projectRoot = "";
			targets = (
				F18E722116F9135C000BD3CB /* AppleGuice */,
				F133DA6118D0BCE40050864F /* AppleGuiceUnitTests */,
			);
		};
/* End PBXProject section */

/* Begin PBXResourcesBuildPhase section */
		F133DA6018D0BCE40050864F /* Resources */ = {
			isa = PBXResourcesBuildPhase;
			buildActionMask = 2147483647;
			files = (
				F133DA6D18D0BCE40050864F /* InfoPlist.strings in Resources */,
			);
			runOnlyForDeploymentPostprocessing = 0;
		};
/* End PBXResourcesBuildPhase section */

/* Begin PBXShellScriptBuildPhase section */
		0AA0ABDBF39945E89FF31BB4 /* Check Pods Manifest.lock */ = {
			isa = PBXShellScriptBuildPhase;
			buildActionMask = 2147483647;
			files = (
			);
			inputPaths = (
			);
			name = "Check Pods Manifest.lock";
			outputPaths = (
			);
			runOnlyForDeploymentPostprocessing = 0;
			shellPath = /bin/sh;
			shellScript = "diff \"${PODS_ROOT}/../Podfile.lock\" \"${PODS_ROOT}/Manifest.lock\" > /dev/null\nif [[ $? != 0 ]] ; then\n    cat << EOM\nerror: The sandbox is not in sync with the Podfile.lock. Run 'pod install' or update your CocoaPods installation.\nEOM\n    exit 1\nfi\n";
			showEnvVarsInLog = 0;
		};
		96B7C4D1674F4D26B75542AB /* Copy Pods Resources */ = {
			isa = PBXShellScriptBuildPhase;
			buildActionMask = 2147483647;
			files = (
			);
			inputPaths = (
			);
			name = "Copy Pods Resources";
			outputPaths = (
			);
			runOnlyForDeploymentPostprocessing = 0;
			shellPath = /bin/sh;
			shellScript = "\"${SRCROOT}/Pods/Target Support Files/Pods-AppleGuiceUnitTests/Pods-AppleGuiceUnitTests-resources.sh\"\n";
			showEnvVarsInLog = 0;
		};
		F133DA9518D0BE550050864F /* Bootstrap project */ = {
			isa = PBXShellScriptBuildPhase;
			buildActionMask = 2147483647;
			files = (
			);
			inputPaths = (
			);
			name = "Bootstrap project";
			outputPaths = (
			);
			runOnlyForDeploymentPostprocessing = 0;
			shellPath = /bin/sh;
			shellScript = "PROJECT_ROOT=${PROJECT_DIR}\nbash ${PROJECT_DIR}/Bootstrapper/appleGuiceBootstrapper.sh ${PROJECT_ROOT} ${PROJECT_DIR}/AppleGuiceUnitTests/Setup/AppleGuiceBindingBootstrapper.m";
		};
		F172DD7916F924C500BA754E /* Bootstrap project */ = {
			isa = PBXShellScriptBuildPhase;
			buildActionMask = 2147483647;
			files = (
			);
			inputPaths = (
			);
			name = "Bootstrap project";
			outputPaths = (
			);
			runOnlyForDeploymentPostprocessing = 0;
			shellPath = /bin/sh;
			shellScript = "PROJECT_ROOT=${PROJECT_DIR}\nbash ${PROJECT_DIR}/Bootstrapper/appleGuiceBootstrapper.sh ${PROJECT_ROOT} ${PROJECT_DIR}/AppleGuice/AppleGuiceBindingBootstrapper.m";
		};
/* End PBXShellScriptBuildPhase section */

/* Begin PBXSourcesBuildPhase section */
		F133DA5E18D0BCE40050864F /* Sources */ = {
			isa = PBXSourcesBuildPhase;
			buildActionMask = 2147483647;
			files = (
				F133DA9118D0BE2A0050864F /* AppleGuiceInjectorTests.m in Sources */,
				F1777745191B85B2008CFEFD /* AppleGuiceClassGeneratorTests.m in Sources */,
				F133DA8218D0BE130050864F /* TestBase.m in Sources */,
				F1FEDFB918D7A7740006D3B4 /* AppleGuiceSingletonRepositoryTests.m in Sources */,
				F133DA8F18D0BE2A0050864F /* AppleGuiceAutoInjectorTests.m in Sources */,
				F133DA7A18D0BD570050864F /* AppleGuiceBindingBootstrapper.m in Sources */,
				F133DA9018D0BE2A0050864F /* AppleGuiceBindingServiceTests.m in Sources */,
				F133DA9318D0BE2A0050864F /* AppleGuiceProtocolLocatorTests.m in Sources */,
				F1777747191B94C6008CFEFD /* AppleGuiceProtocolToClassMapperTests.m in Sources */,
				F133DA9418D0BE2A0050864F /* AppleGuiceSanity.m in Sources */,
				F133DA9218D0BE2A0050864F /* AppleGuiceInstanceCreatorTests.m in Sources */,
			);
			runOnlyForDeploymentPostprocessing = 0;
		};
		F18E721E16F9135C000BD3CB /* Sources */ = {
			isa = PBXSourcesBuildPhase;
			buildActionMask = 2147483647;
			files = (
				F172DD3516F9141300BA754E /* AppleGuice.m in Sources */,
				F1E33BE31A24810E0083660E /* AppleGuiceOCMockMockProvider.m in Sources */,
				F14FF19C18EC2F7400222D4F /* AppleGuiceClassGenerator.m in Sources */,
				F14FF19718EC2F1C00222D4F /* AppleGuiceBindingService.m in Sources */,
				F172DD3716F9141300BA754E /* AppleGuiceAutoInjector.m in Sources */,
				F172DD3B16F9141300BA754E /* AppleGuiceInjectableImplementationNotFoundException.m in Sources */,
				F172DD3D16F9141300BA754E /* AppleGuiceInjector.m in Sources */,
				F1E33BEB1A2482560083660E /* AppleGuiceMockProvider.m in Sources */,
				F1E33BEF1A2490ED0083660E /* AppleGuiceOCMockitoMockProvider.m in Sources */,
				F14FF19318EC05E800222D4F /* AppleGuiceProtocolToClassMapper.mm in Sources */,
				F172DD3F16F9141300BA754E /* AppleGuiceInvocationProxy.m in Sources */,
				F172DD4116F9141300BA754E /* AppleGuiceProtocolLocator.m in Sources */,
				F172DD4316F9141300BA754E /* AppleGuiceSettingsProvider.m in Sources */,
				F172DD4516F9141300BA754E /* AppleGuiceSingletonRepository.mm in Sources */,
				F162136516F9D95C00563E38 /* NSObject+AppleGuice.m in Sources */,
				696C18D4C34FD833E551D9FC /* AppleGuiceInstanceCreator.m in Sources */,
				F1E33BF31A2495340083660E /* AppleGuiceMockProviderSelectorService.m in Sources */,
			);
			runOnlyForDeploymentPostprocessing = 0;
		};
/* End PBXSourcesBuildPhase section */

/* Begin PBXTargetDependency section */
		F133DA7218D0BCE40050864F /* PBXTargetDependency */ = {
			isa = PBXTargetDependency;
			target = F18E722116F9135C000BD3CB /* AppleGuice */;
			targetProxy = F133DA7118D0BCE40050864F /* PBXContainerItemProxy */;
		};
/* End PBXTargetDependency section */

/* Begin PBXVariantGroup section */
		F133DA6B18D0BCE40050864F /* InfoPlist.strings */ = {
			isa = PBXVariantGroup;
			children = (
				F133DA6C18D0BCE40050864F /* en */,
			);
			name = InfoPlist.strings;
			sourceTree = "<group>";
		};
/* End PBXVariantGroup section */

/* Begin XCBuildConfiguration section */
		F133DA7318D0BCE40050864F /* Debug */ = {
			isa = XCBuildConfiguration;
			baseConfigurationReference = 81FBD0AD1F8ED221E1DC8101 /* Pods-AppleGuiceUnitTests.debug.xcconfig */;
			buildSettings = {
				CLANG_ENABLE_MODULES = YES;
				CLANG_ENABLE_OBJC_ARC = NO;
				CLANG_WARN_BOOL_CONVERSION = YES;
				CLANG_WARN_DIRECT_OBJC_ISA_USAGE = YES_ERROR;
				CLANG_WARN_OBJC_ROOT_CLASS = YES_ERROR;
				FRAMEWORK_SEARCH_PATHS = (
					"$(SDKROOT)/Developer/Library/Frameworks",
					"$(inherited)",
					"$(DEVELOPER_FRAMEWORKS_DIR)",
				);
				GCC_PRECOMPILE_PREFIX_HEADER = YES;
				GCC_PREFIX_HEADER = "AppleGuiceUnitTests/AppleGuiceUnitTests-Prefix.pch";
				GCC_PREPROCESSOR_DEFINITIONS = (
					"DEBUG=1",
					"$(inherited)",
				);
				GCC_WARN_64_TO_32_BIT_CONVERSION = YES;
				GCC_WARN_ABOUT_RETURN_TYPE = YES_ERROR;
				GCC_WARN_PEDANTIC = NO;
				GCC_WARN_UNDECLARED_SELECTOR = YES;
				GCC_WARN_UNINITIALIZED_AUTOS = YES_AGGRESSIVE;
				GCC_WARN_UNUSED_FUNCTION = YES;
				INFOPLIST_FILE = "AppleGuiceUnitTests/AppleGuiceUnitTests-Info.plist";
				IPHONEOS_DEPLOYMENT_TARGET = 7.1;
				ONLY_ACTIVE_ARCH = NO;
				OTHER_LDFLAGS = (
					"$(inherited)",
					"-ObjC",
					"-framework",
					Foundation,
					"-lc++",
				);
				PRODUCT_NAME = "$(TARGET_NAME)";
				WRAPPER_EXTENSION = xctest;
			};
			name = Debug;
		};
		F133DA7418D0BCE40050864F /* Release */ = {
			isa = XCBuildConfiguration;
			baseConfigurationReference = 84973227AA693E29CBA3DE6C /* Pods-AppleGuiceUnitTests.release.xcconfig */;
			buildSettings = {
				CLANG_ENABLE_MODULES = YES;
				CLANG_ENABLE_OBJC_ARC = NO;
				CLANG_WARN_BOOL_CONVERSION = YES;
				CLANG_WARN_DIRECT_OBJC_ISA_USAGE = YES_ERROR;
				CLANG_WARN_OBJC_ROOT_CLASS = YES_ERROR;
				ENABLE_NS_ASSERTIONS = NO;
				FRAMEWORK_SEARCH_PATHS = (
					"$(SDKROOT)/Developer/Library/Frameworks",
					"$(inherited)",
					"$(DEVELOPER_FRAMEWORKS_DIR)",
				);
				GCC_PRECOMPILE_PREFIX_HEADER = YES;
				GCC_PREFIX_HEADER = "AppleGuiceUnitTests/AppleGuiceUnitTests-Prefix.pch";
				GCC_WARN_64_TO_32_BIT_CONVERSION = YES;
				GCC_WARN_ABOUT_RETURN_TYPE = YES_ERROR;
				GCC_WARN_PEDANTIC = NO;
				GCC_WARN_UNDECLARED_SELECTOR = YES;
				GCC_WARN_UNINITIALIZED_AUTOS = YES_AGGRESSIVE;
				GCC_WARN_UNUSED_FUNCTION = YES;
				INFOPLIST_FILE = "AppleGuiceUnitTests/AppleGuiceUnitTests-Info.plist";
				IPHONEOS_DEPLOYMENT_TARGET = 7.1;
				ONLY_ACTIVE_ARCH = NO;
				OTHER_LDFLAGS = (
					"$(inherited)",
					"-ObjC",
					"-framework",
					Foundation,
					"-lc++",
				);
				PRODUCT_NAME = "$(TARGET_NAME)";
				WRAPPER_EXTENSION = xctest;
			};
			name = Release;
		};
		F18E724516F9135C000BD3CB /* Debug */ = {
			isa = XCBuildConfiguration;
			buildSettings = {
				ALWAYS_SEARCH_USER_PATHS = NO;
				CLANG_CXX_LANGUAGE_STANDARD = "c++0x";
				CLANG_CXX_LIBRARY = "libc++";
				CLANG_WARN_CONSTANT_CONVERSION = YES;
				CLANG_WARN_EMPTY_BODY = YES;
				CLANG_WARN_ENUM_CONVERSION = YES;
				CLANG_WARN_INT_CONVERSION = YES;
				CLANG_WARN__DUPLICATE_METHOD_MATCH = YES;
				COPY_PHASE_STRIP = NO;
				GCC_C_LANGUAGE_STANDARD = c11;
				GCC_DYNAMIC_NO_PIC = NO;
				GCC_OPTIMIZATION_LEVEL = 0;
				GCC_PREPROCESSOR_DEFINITIONS = (
					"DEBUG=1",
					"$(inherited)",
				);
				GCC_SYMBOLS_PRIVATE_EXTERN = NO;
				GCC_TREAT_WARNINGS_AS_ERRORS = YES;
				GCC_WARN_ABOUT_RETURN_TYPE = YES;
				GCC_WARN_INHIBIT_ALL_WARNINGS = NO;
				GCC_WARN_PEDANTIC = YES;
				GCC_WARN_UNINITIALIZED_AUTOS = YES;
				GCC_WARN_UNUSED_VARIABLE = YES;
				HEADER_SEARCH_PATHS = (
					"$(PROJECT_DIR)/**",
					"$(inherited)",
					/Applications/Xcode.app/Contents/Developer/Toolchains/XcodeDefault.xctoolchain/usr/include,
				);
				IPHONEOS_DEPLOYMENT_TARGET = 5.0;
				ONLY_ACTIVE_ARCH = NO;
				OTHER_LDFLAGS = "$(inherited)";
				SDKROOT = iphoneos;
				VALID_ARCHS = "$(inherited)";
			};
			name = Debug;
		};
		F18E724616F9135C000BD3CB /* Release */ = {
			isa = XCBuildConfiguration;
			buildSettings = {
				ALWAYS_SEARCH_USER_PATHS = NO;
				CLANG_CXX_LANGUAGE_STANDARD = "c++0x";
				CLANG_CXX_LIBRARY = "libc++";
				CLANG_WARN_CONSTANT_CONVERSION = YES;
				CLANG_WARN_EMPTY_BODY = YES;
				CLANG_WARN_ENUM_CONVERSION = YES;
				CLANG_WARN_INT_CONVERSION = YES;
				CLANG_WARN__DUPLICATE_METHOD_MATCH = YES;
				COPY_PHASE_STRIP = YES;
				GCC_C_LANGUAGE_STANDARD = c11;
				GCC_TREAT_WARNINGS_AS_ERRORS = YES;
				GCC_WARN_ABOUT_RETURN_TYPE = YES;
				GCC_WARN_INHIBIT_ALL_WARNINGS = NO;
				GCC_WARN_PEDANTIC = YES;
				GCC_WARN_UNINITIALIZED_AUTOS = YES;
				GCC_WARN_UNUSED_VARIABLE = YES;
				HEADER_SEARCH_PATHS = (
					"$(PROJECT_DIR)/**",
					"$(inherited)",
					/Applications/Xcode.app/Contents/Developer/Toolchains/XcodeDefault.xctoolchain/usr/include,
				);
				IPHONEOS_DEPLOYMENT_TARGET = 5.0;
				OTHER_LDFLAGS = "$(inherited)";
				SDKROOT = iphoneos;
				VALIDATE_PRODUCT = YES;
				VALID_ARCHS = "$(inherited)";
			};
			name = Release;
		};
		F18E724816F9135C000BD3CB /* Debug */ = {
			isa = XCBuildConfiguration;
			buildSettings = {
				DSTROOT = /tmp/AppleGuice.dst;
				GCC_PRECOMPILE_PREFIX_HEADER = YES;
				GCC_PREFIX_HEADER = "AppleGuice/AppleGuice-Prefix.pch";
				GCC_VERSION = "";
				OTHER_LDFLAGS = (
					"$(inherited)",
					"-ObjC",
				);
				PRODUCT_NAME = "$(TARGET_NAME)";
				SKIP_INSTALL = YES;
				VALID_ARCHS = "$(inherited)";
			};
			name = Debug;
		};
		F18E724916F9135C000BD3CB /* Release */ = {
			isa = XCBuildConfiguration;
			buildSettings = {
				DSTROOT = /tmp/AppleGuice.dst;
				GCC_PRECOMPILE_PREFIX_HEADER = YES;
				GCC_PREFIX_HEADER = "AppleGuice/AppleGuice-Prefix.pch";
				GCC_VERSION = "";
				OTHER_LDFLAGS = (
					"$(inherited)",
					"-ObjC",
				);
				PRODUCT_NAME = "$(TARGET_NAME)";
				SKIP_INSTALL = YES;
				VALID_ARCHS = "$(inherited)";
			};
			name = Release;
		};
/* End XCBuildConfiguration section */

/* Begin XCConfigurationList section */
		F133DA7518D0BCE40050864F /* Build configuration list for PBXNativeTarget "AppleGuiceUnitTests" */ = {
			isa = XCConfigurationList;
			buildConfigurations = (
				F133DA7318D0BCE40050864F /* Debug */,
				F133DA7418D0BCE40050864F /* Release */,
			);
			defaultConfigurationIsVisible = 0;
			defaultConfigurationName = Release;
		};
		F18E721D16F9135C000BD3CB /* Build configuration list for PBXProject "AppleGuice" */ = {
			isa = XCConfigurationList;
			buildConfigurations = (
				F18E724516F9135C000BD3CB /* Debug */,
				F18E724616F9135C000BD3CB /* Release */,
			);
			defaultConfigurationIsVisible = 0;
			defaultConfigurationName = Release;
		};
		F18E724716F9135C000BD3CB /* Build configuration list for PBXNativeTarget "AppleGuice" */ = {
			isa = XCConfigurationList;
			buildConfigurations = (
				F18E724816F9135C000BD3CB /* Debug */,
				F18E724916F9135C000BD3CB /* Release */,
			);
			defaultConfigurationIsVisible = 0;
			defaultConfigurationName = Release;
		};
/* End XCConfigurationList section */
	};
	rootObject = F18E721A16F9135C000BD3CB /* Project object */;
}
